// !$*UTF8*$!
{
	archiveVersion = 1;
	classes = {
	};
	objectVersion = 50;
	objects = {

/* Begin PBXBuildFile section */
		2D65452DC8EB750FFA0349E3 /* Pods_ProductTests.framework in Frameworks */ = {isa = PBXBuildFile; fileRef = 023E463382A2059B5B56A17B /* Pods_ProductTests.framework */; };
		B611F4CF218F544E00824621 /* ProductCellRepresentable.swift in Sources */ = {isa = PBXBuildFile; fileRef = B611F4CE218F544E00824621 /* ProductCellRepresentable.swift */; };
		B611F4D1218F546700824621 /* ProductsRequest.swift in Sources */ = {isa = PBXBuildFile; fileRef = B611F4D0218F546700824621 /* ProductsRequest.swift */; };
		B611F4D5218F547800824621 /* ProductResource.swift in Sources */ = {isa = PBXBuildFile; fileRef = B611F4D2218F547800824621 /* ProductResource.swift */; };
		B611F4D6218F547800824621 /* ProductsResource.swift in Sources */ = {isa = PBXBuildFile; fileRef = B611F4D3218F547800824621 /* ProductsResource.swift */; };
		B611F4D7218F547800824621 /* PriceResource.swift in Sources */ = {isa = PBXBuildFile; fileRef = B611F4D4218F547800824621 /* PriceResource.swift */; };
		B611F4DB218F551100824621 /* ProductRouter.swift in Sources */ = {isa = PBXBuildFile; fileRef = B611F4DA218F551000824621 /* ProductRouter.swift */; };
		B611F4DD218F552300824621 /* ProductService.swift in Sources */ = {isa = PBXBuildFile; fileRef = B611F4DC218F552300824621 /* ProductService.swift */; };
		B611F4E0218F553100824621 /* ProductCell.swift in Sources */ = {isa = PBXBuildFile; fileRef = B611F4DE218F553100824621 /* ProductCell.swift */; };
		B611F4E1218F553100824621 /* ProductCell.xib in Resources */ = {isa = PBXBuildFile; fileRef = B611F4DF218F553100824621 /* ProductCell.xib */; };
		B611F4E4218F554600824621 /* ProductsViewController.storyboard in Resources */ = {isa = PBXBuildFile; fileRef = B611F4E2218F554600824621 /* ProductsViewController.storyboard */; };
		B611F4E5218F554600824621 /* ProductsViewController.swift in Sources */ = {isa = PBXBuildFile; fileRef = B611F4E3218F554600824621 /* ProductsViewController.swift */; };
		B611F4E7218F555300824621 /* ProductsViewModel.swift in Sources */ = {isa = PBXBuildFile; fileRef = B611F4E6218F555300824621 /* ProductsViewModel.swift */; };
		B611F4E9218F55C100824621 /* Commons.framework in Frameworks */ = {isa = PBXBuildFile; fileRef = B611F4E8218F55C100824621 /* Commons.framework */; };
		B6441616218F476E00C69174 /* Product.framework in Frameworks */ = {isa = PBXBuildFile; fileRef = B644160C218F476D00C69174 /* Product.framework */; };
		B656A9A7218F597200080F40 /* ExchangeRate.framework in Frameworks */ = {isa = PBXBuildFile; fileRef = B656A9A6218F597200080F40 /* ExchangeRate.framework */; };
		B665B5E5218F7AE6005C517E /* ProductsRequest.swift in Sources */ = {isa = PBXBuildFile; fileRef = B665B5E4218F7AE6005C517E /* ProductsRequest.swift */; };
		B665B5E8218F7AEF005C517E /* ProductResourceSpec.swift in Sources */ = {isa = PBXBuildFile; fileRef = B665B5E6218F7AEF005C517E /* ProductResourceSpec.swift */; };
		B665B5E9218F7AEF005C517E /* ProductsResourceSpec.swift in Sources */ = {isa = PBXBuildFile; fileRef = B665B5E7218F7AEF005C517E /* ProductsResourceSpec.swift */; };
		B665B5EB218F7AF6005C517E /* ProductServiceTests.swift in Sources */ = {isa = PBXBuildFile; fileRef = B665B5EA218F7AF6005C517E /* ProductServiceTests.swift */; };
		B665B5ED218F7AFD005C517E /* ProductCellTests.swift in Sources */ = {isa = PBXBuildFile; fileRef = B665B5EC218F7AFD005C517E /* ProductCellTests.swift */; };
		B665B5EF218F7B04005C517E /* ProductsViewControllerTests.swift in Sources */ = {isa = PBXBuildFile; fileRef = B665B5EE218F7B04005C517E /* ProductsViewControllerTests.swift */; };
		B665B5F1218F7B0A005C517E /* ProductViewModelTests.swift in Sources */ = {isa = PBXBuildFile; fileRef = B665B5F0218F7B0A005C517E /* ProductViewModelTests.swift */; };
		B665B5F8218F7DD2005C517E /* ProductsHttpMocker.swift in Sources */ = {isa = PBXBuildFile; fileRef = B665B5F7218F7DD2005C517E /* ProductsHttpMocker.swift */; };
		B665B5FD218F7DEE005C517E /* product-1232802.json in Resources */ = {isa = PBXBuildFile; fileRef = B665B5FA218F7DEE005C517E /* product-1232802.json */; };
		B665B5FF218F7DEE005C517E /* empty.json in Resources */ = {isa = PBXBuildFile; fileRef = B665B5FC218F7DEE005C517E /* empty.json */; };
		B665B601218F7E73005C517E /* TestHelpers.framework in Frameworks */ = {isa = PBXBuildFile; fileRef = B665B600218F7E73005C517E /* TestHelpers.framework */; };
		B665B607218F7FE6005C517E /* ProductMother.swift in Sources */ = {isa = PBXBuildFile; fileRef = B665B606218F7FE6005C517E /* ProductMother.swift */; };
		B665B61B218F8297005C517E /* MockExchangeRateService.swift in Sources */ = {isa = PBXBuildFile; fileRef = B665B619218F8297005C517E /* MockExchangeRateService.swift */; };
		B665B61C218F8297005C517E /* MockProductService.swift in Sources */ = {isa = PBXBuildFile; fileRef = B665B61A218F8297005C517E /* MockProductService.swift */; };
		B665B61F218F837F005C517E /* ProductTestContants.swift in Sources */ = {isa = PBXBuildFile; fileRef = B665B61E218F837F005C517E /* ProductTestContants.swift */; };
		B665B622218F881D005C517E /* products.json in Resources */ = {isa = PBXBuildFile; fileRef = B665B5FB218F7DEE005C517E /* products.json */; };
		B665B626218F8A55005C517E /* FileHelper.swift in Sources */ = {isa = PBXBuildFile; fileRef = B665B625218F8A55005C517E /* FileHelper.swift */; };
		F39971DC3863DA1FF0E1A85E /* Pods_Product.framework in Frameworks */ = {isa = PBXBuildFile; fileRef = 6F0FC1ADA9877410A3158522 /* Pods_Product.framework */; };
/* End PBXBuildFile section */

/* Begin PBXContainerItemProxy section */
		B6441617218F476E00C69174 /* PBXContainerItemProxy */ = {
			isa = PBXContainerItemProxy;
			containerPortal = B6441603218F476D00C69174 /* Project object */;
			proxyType = 1;
			remoteGlobalIDString = B644160B218F476D00C69174;
			remoteInfo = Product;
		};
/* End PBXContainerItemProxy section */

/* Begin PBXFileReference section */
		023E463382A2059B5B56A17B /* Pods_ProductTests.framework */ = {isa = PBXFileReference; explicitFileType = wrapper.framework; includeInIndex = 0; path = Pods_ProductTests.framework; sourceTree = BUILT_PRODUCTS_DIR; };
		6F0FC1ADA9877410A3158522 /* Pods_Product.framework */ = {isa = PBXFileReference; explicitFileType = wrapper.framework; includeInIndex = 0; path = Pods_Product.framework; sourceTree = BUILT_PRODUCTS_DIR; };
		9E66140082EEA6B92FC46A7C /* Pods-ProductTests.debug.xcconfig */ = {isa = PBXFileReference; includeInIndex = 1; lastKnownFileType = text.xcconfig; name = "Pods-ProductTests.debug.xcconfig"; path = "../Pods/Target Support Files/Pods-ProductTests/Pods-ProductTests.debug.xcconfig"; sourceTree = "<group>"; };
		B5BA13C4193519709D51B4D2 /* Pods-Product.release.xcconfig */ = {isa = PBXFileReference; includeInIndex = 1; lastKnownFileType = text.xcconfig; name = "Pods-Product.release.xcconfig"; path = "../Pods/Target Support Files/Pods-Product/Pods-Product.release.xcconfig"; sourceTree = "<group>"; };
		B611F4A1218F511000824621 /* Info.plist */ = {isa = PBXFileReference; fileEncoding = 4; lastKnownFileType = text.plist.xml; path = Info.plist; sourceTree = "<group>"; };
		B611F4CE218F544E00824621 /* ProductCellRepresentable.swift */ = {isa = PBXFileReference; fileEncoding = 4; lastKnownFileType = sourcecode.swift; path = ProductCellRepresentable.swift; sourceTree = "<group>"; };
		B611F4D0218F546700824621 /* ProductsRequest.swift */ = {isa = PBXFileReference; fileEncoding = 4; lastKnownFileType = sourcecode.swift; path = ProductsRequest.swift; sourceTree = "<group>"; };
		B611F4D2218F547800824621 /* ProductResource.swift */ = {isa = PBXFileReference; fileEncoding = 4; lastKnownFileType = sourcecode.swift; path = ProductResource.swift; sourceTree = "<group>"; };
		B611F4D3218F547800824621 /* ProductsResource.swift */ = {isa = PBXFileReference; fileEncoding = 4; lastKnownFileType = sourcecode.swift; path = ProductsResource.swift; sourceTree = "<group>"; };
		B611F4D4218F547800824621 /* PriceResource.swift */ = {isa = PBXFileReference; fileEncoding = 4; lastKnownFileType = sourcecode.swift; path = PriceResource.swift; sourceTree = "<group>"; };
		B611F4DA218F551000824621 /* ProductRouter.swift */ = {isa = PBXFileReference; fileEncoding = 4; lastKnownFileType = sourcecode.swift; path = ProductRouter.swift; sourceTree = "<group>"; };
		B611F4DC218F552300824621 /* ProductService.swift */ = {isa = PBXFileReference; fileEncoding = 4; lastKnownFileType = sourcecode.swift; path = ProductService.swift; sourceTree = "<group>"; };
		B611F4DE218F553100824621 /* ProductCell.swift */ = {isa = PBXFileReference; fileEncoding = 4; lastKnownFileType = sourcecode.swift; path = ProductCell.swift; sourceTree = "<group>"; };
		B611F4DF218F553100824621 /* ProductCell.xib */ = {isa = PBXFileReference; fileEncoding = 4; lastKnownFileType = file.xib; path = ProductCell.xib; sourceTree = "<group>"; };
		B611F4E2218F554600824621 /* ProductsViewController.storyboard */ = {isa = PBXFileReference; fileEncoding = 4; lastKnownFileType = file.storyboard; path = ProductsViewController.storyboard; sourceTree = "<group>"; };
		B611F4E3218F554600824621 /* ProductsViewController.swift */ = {isa = PBXFileReference; fileEncoding = 4; lastKnownFileType = sourcecode.swift; path = ProductsViewController.swift; sourceTree = "<group>"; };
		B611F4E6218F555300824621 /* ProductsViewModel.swift */ = {isa = PBXFileReference; fileEncoding = 4; lastKnownFileType = sourcecode.swift; path = ProductsViewModel.swift; sourceTree = "<group>"; };
		B611F4E8218F55C100824621 /* Commons.framework */ = {isa = PBXFileReference; explicitFileType = wrapper.framework; path = Commons.framework; sourceTree = BUILT_PRODUCTS_DIR; };
		B644160C218F476D00C69174 /* Product.framework */ = {isa = PBXFileReference; explicitFileType = wrapper.framework; includeInIndex = 0; path = Product.framework; sourceTree = BUILT_PRODUCTS_DIR; };
		B6441615218F476E00C69174 /* ProductTests.xctest */ = {isa = PBXFileReference; explicitFileType = wrapper.cfbundle; includeInIndex = 0; path = ProductTests.xctest; sourceTree = BUILT_PRODUCTS_DIR; };
		B644161C218F476E00C69174 /* Info.plist */ = {isa = PBXFileReference; lastKnownFileType = text.plist.xml; path = Info.plist; sourceTree = "<group>"; };
		B656A9A6218F597200080F40 /* ExchangeRate.framework */ = {isa = PBXFileReference; explicitFileType = wrapper.framework; path = ExchangeRate.framework; sourceTree = BUILT_PRODUCTS_DIR; };
		B665B5E4218F7AE6005C517E /* ProductsRequest.swift */ = {isa = PBXFileReference; fileEncoding = 4; lastKnownFileType = sourcecode.swift; path = ProductsRequest.swift; sourceTree = "<group>"; };
		B665B5E6218F7AEF005C517E /* ProductResourceSpec.swift */ = {isa = PBXFileReference; fileEncoding = 4; lastKnownFileType = sourcecode.swift; path = ProductResourceSpec.swift; sourceTree = "<group>"; };
		B665B5E7218F7AEF005C517E /* ProductsResourceSpec.swift */ = {isa = PBXFileReference; fileEncoding = 4; lastKnownFileType = sourcecode.swift; path = ProductsResourceSpec.swift; sourceTree = "<group>"; };
		B665B5EA218F7AF6005C517E /* ProductServiceTests.swift */ = {isa = PBXFileReference; fileEncoding = 4; lastKnownFileType = sourcecode.swift; path = ProductServiceTests.swift; sourceTree = "<group>"; };
		B665B5EC218F7AFD005C517E /* ProductCellTests.swift */ = {isa = PBXFileReference; fileEncoding = 4; lastKnownFileType = sourcecode.swift; path = ProductCellTests.swift; sourceTree = "<group>"; };
		B665B5EE218F7B04005C517E /* ProductsViewControllerTests.swift */ = {isa = PBXFileReference; fileEncoding = 4; lastKnownFileType = sourcecode.swift; path = ProductsViewControllerTests.swift; sourceTree = "<group>"; };
		B665B5F0218F7B0A005C517E /* ProductViewModelTests.swift */ = {isa = PBXFileReference; fileEncoding = 4; lastKnownFileType = sourcecode.swift; path = ProductViewModelTests.swift; sourceTree = "<group>"; };
		B665B5F7218F7DD2005C517E /* ProductsHttpMocker.swift */ = {isa = PBXFileReference; fileEncoding = 4; lastKnownFileType = sourcecode.swift; path = ProductsHttpMocker.swift; sourceTree = "<group>"; };
		B665B5FA218F7DEE005C517E /* product-1232802.json */ = {isa = PBXFileReference; fileEncoding = 4; lastKnownFileType = text.json; path = "product-1232802.json"; sourceTree = "<group>"; };
		B665B5FB218F7DEE005C517E /* products.json */ = {isa = PBXFileReference; fileEncoding = 4; lastKnownFileType = text.json; path = products.json; sourceTree = "<group>"; };
		B665B5FC218F7DEE005C517E /* empty.json */ = {isa = PBXFileReference; fileEncoding = 4; lastKnownFileType = text.json; path = empty.json; sourceTree = "<group>"; };
		B665B600218F7E73005C517E /* TestHelpers.framework */ = {isa = PBXFileReference; explicitFileType = wrapper.framework; path = TestHelpers.framework; sourceTree = BUILT_PRODUCTS_DIR; };
		B665B606218F7FE6005C517E /* ProductMother.swift */ = {isa = PBXFileReference; fileEncoding = 4; lastKnownFileType = sourcecode.swift; path = ProductMother.swift; sourceTree = "<group>"; };
		B665B619218F8297005C517E /* MockExchangeRateService.swift */ = {isa = PBXFileReference; fileEncoding = 4; lastKnownFileType = sourcecode.swift; path = MockExchangeRateService.swift; sourceTree = "<group>"; };
		B665B61A218F8297005C517E /* MockProductService.swift */ = {isa = PBXFileReference; fileEncoding = 4; lastKnownFileType = sourcecode.swift; path = MockProductService.swift; sourceTree = "<group>"; };
		B665B61E218F837F005C517E /* ProductTestContants.swift */ = {isa = PBXFileReference; lastKnownFileType = sourcecode.swift; path = ProductTestContants.swift; sourceTree = "<group>"; };
		B665B625218F8A55005C517E /* FileHelper.swift */ = {isa = PBXFileReference; lastKnownFileType = sourcecode.swift; path = FileHelper.swift; sourceTree = "<group>"; };
		C84C245C1F91C190C075FCA2 /* Pods-ProductTests.release.xcconfig */ = {isa = PBXFileReference; includeInIndex = 1; lastKnownFileType = text.xcconfig; name = "Pods-ProductTests.release.xcconfig"; path = "../Pods/Target Support Files/Pods-ProductTests/Pods-ProductTests.release.xcconfig"; sourceTree = "<group>"; };
		D619594EDC42D4BC30717D7D /* Pods-Product.debug.xcconfig */ = {isa = PBXFileReference; includeInIndex = 1; lastKnownFileType = text.xcconfig; name = "Pods-Product.debug.xcconfig"; path = "../Pods/Target Support Files/Pods-Product/Pods-Product.debug.xcconfig"; sourceTree = "<group>"; };
/* End PBXFileReference section */

/* Begin PBXFrameworksBuildPhase section */
		B6441609218F476D00C69174 /* Frameworks */ = {
			isa = PBXFrameworksBuildPhase;
			buildActionMask = 2147483647;
			files = (
				B656A9A7218F597200080F40 /* ExchangeRate.framework in Frameworks */,
				B611F4E9218F55C100824621 /* Commons.framework in Frameworks */,
				F39971DC3863DA1FF0E1A85E /* Pods_Product.framework in Frameworks */,
			);
			runOnlyForDeploymentPostprocessing = 0;
		};
		B6441612218F476E00C69174 /* Frameworks */ = {
			isa = PBXFrameworksBuildPhase;
			buildActionMask = 2147483647;
			files = (
				B665B601218F7E73005C517E /* TestHelpers.framework in Frameworks */,
				B6441616218F476E00C69174 /* Product.framework in Frameworks */,
				2D65452DC8EB750FFA0349E3 /* Pods_ProductTests.framework in Frameworks */,
			);
			runOnlyForDeploymentPostprocessing = 0;
		};
/* End PBXFrameworksBuildPhase section */

/* Begin PBXGroup section */
		6E987AF5498B04E759594A1B /* Pods */ = {
			isa = PBXGroup;
			children = (
				D619594EDC42D4BC30717D7D /* Pods-Product.debug.xcconfig */,
				B5BA13C4193519709D51B4D2 /* Pods-Product.release.xcconfig */,
				9E66140082EEA6B92FC46A7C /* Pods-ProductTests.debug.xcconfig */,
				C84C245C1F91C190C075FCA2 /* Pods-ProductTests.release.xcconfig */,
			);
			name = Pods;
			sourceTree = "<group>";
		};
		B611F48F218F511000824621 /* Product */ = {
			isa = PBXGroup;
			children = (
				B611F4B3218F515000824621 /* protocol */,
				B611F490218F511000824621 /* viewmodel */,
				B611F493218F511000824621 /* view */,
				B611F496218F511000824621 /* request */,
				B611F498218F511000824621 /* service */,
				B611F49A218F511000824621 /* resource */,
				B611F49E218F511000824621 /* viewcontroller */,
				B611F4A1218F511000824621 /* Info.plist */,
				B611F4A2218F511000824621 /* router */,
			);
			path = Product;
			sourceTree = "<group>";
		};
		B611F490218F511000824621 /* viewmodel */ = {
			isa = PBXGroup;
			children = (
				B611F4E6218F555300824621 /* ProductsViewModel.swift */,
			);
			path = viewmodel;
			sourceTree = "<group>";
		};
		B611F493218F511000824621 /* view */ = {
			isa = PBXGroup;
			children = (
				B611F4DE218F553100824621 /* ProductCell.swift */,
				B611F4DF218F553100824621 /* ProductCell.xib */,
			);
			path = view;
			sourceTree = "<group>";
		};
		B611F496218F511000824621 /* request */ = {
			isa = PBXGroup;
			children = (
				B611F4D0218F546700824621 /* ProductsRequest.swift */,
			);
			path = request;
			sourceTree = "<group>";
		};
		B611F498218F511000824621 /* service */ = {
			isa = PBXGroup;
			children = (
				B611F4DC218F552300824621 /* ProductService.swift */,
			);
			path = service;
			sourceTree = "<group>";
		};
		B611F49A218F511000824621 /* resource */ = {
			isa = PBXGroup;
			children = (
				B611F4D4218F547800824621 /* PriceResource.swift */,
				B611F4D2218F547800824621 /* ProductResource.swift */,
				B611F4D3218F547800824621 /* ProductsResource.swift */,
			);
			path = resource;
			sourceTree = "<group>";
		};
		B611F49E218F511000824621 /* viewcontroller */ = {
			isa = PBXGroup;
			children = (
				B611F4E2218F554600824621 /* ProductsViewController.storyboard */,
				B611F4E3218F554600824621 /* ProductsViewController.swift */,
			);
			path = viewcontroller;
			sourceTree = "<group>";
		};
		B611F4A2218F511000824621 /* router */ = {
			isa = PBXGroup;
			children = (
				B611F4DA218F551000824621 /* ProductRouter.swift */,
			);
			path = router;
			sourceTree = "<group>";
		};
		B611F4B3218F515000824621 /* protocol */ = {
			isa = PBXGroup;
			children = (
				B611F4CE218F544E00824621 /* ProductCellRepresentable.swift */,
			);
			path = protocol;
			sourceTree = "<group>";
		};
		B6441602218F476D00C69174 = {
			isa = PBXGroup;
			children = (
				B611F48F218F511000824621 /* Product */,
				B6441619218F476E00C69174 /* ProductTests */,
				B644160D218F476D00C69174 /* Products */,
				6E987AF5498B04E759594A1B /* Pods */,
				B8F6CDC93BABFD5D1468873E /* Frameworks */,
			);
			sourceTree = "<group>";
		};
		B644160D218F476D00C69174 /* Products */ = {
			isa = PBXGroup;
			children = (
				B644160C218F476D00C69174 /* Product.framework */,
				B6441615218F476E00C69174 /* ProductTests.xctest */,
			);
			name = Products;
			sourceTree = "<group>";
		};
		B6441619218F476E00C69174 /* ProductTests */ = {
			isa = PBXGroup;
			children = (
				B665B624218F8A43005C517E /* Helpers */,
				B665B61D218F836A005C517E /* Constants */,
				B665B618218F828D005C517E /* Mocks */,
				B665B605218F7FDB005C517E /* Mothers */,
				B665B5F9218F7DE1005C517E /* Resources */,
				B665B5F6218F7DC3005C517E /* HttpMocks */,
				B665B5F5218F7DB3005C517E /* Product */,
				B644161C218F476E00C69174 /* Info.plist */,
			);
			path = ProductTests;
			sourceTree = "<group>";
		};
		B665B5DE218F7AB8005C517E /* request */ = {
			isa = PBXGroup;
			children = (
				B665B5E4218F7AE6005C517E /* ProductsRequest.swift */,
			);
			path = request;
			sourceTree = "<group>";
		};
		B665B5DF218F7ABD005C517E /* resource */ = {
			isa = PBXGroup;
			children = (
				B665B5E6218F7AEF005C517E /* ProductResourceSpec.swift */,
				B665B5E7218F7AEF005C517E /* ProductsResourceSpec.swift */,
			);
			path = resource;
			sourceTree = "<group>";
		};
		B665B5E0218F7AC3005C517E /* service */ = {
			isa = PBXGroup;
			children = (
				B665B5EA218F7AF6005C517E /* ProductServiceTests.swift */,
			);
			path = service;
			sourceTree = "<group>";
		};
		B665B5E1218F7ACA005C517E /* view */ = {
			isa = PBXGroup;
			children = (
				B665B5EC218F7AFD005C517E /* ProductCellTests.swift */,
			);
			path = view;
			sourceTree = "<group>";
		};
		B665B5E2218F7ACE005C517E /* viewcontroller */ = {
			isa = PBXGroup;
			children = (
				B665B5EE218F7B04005C517E /* ProductsViewControllerTests.swift */,
			);
			path = viewcontroller;
			sourceTree = "<group>";
		};
		B665B5E3218F7AD5005C517E /* viewmodel */ = {
			isa = PBXGroup;
			children = (
				B665B5F0218F7B0A005C517E /* ProductViewModelTests.swift */,
			);
			path = viewmodel;
			sourceTree = "<group>";
		};
		B665B5F5218F7DB3005C517E /* Product */ = {
			isa = PBXGroup;
			children = (
				B665B5E3218F7AD5005C517E /* viewmodel */,
				B665B5E2218F7ACE005C517E /* viewcontroller */,
				B665B5E1218F7ACA005C517E /* view */,
				B665B5E0218F7AC3005C517E /* service */,
				B665B5DF218F7ABD005C517E /* resource */,
				B665B5DE218F7AB8005C517E /* request */,
			);
			path = Product;
			sourceTree = "<group>";
		};
		B665B5F6218F7DC3005C517E /* HttpMocks */ = {
			isa = PBXGroup;
			children = (
				B665B5F7218F7DD2005C517E /* ProductsHttpMocker.swift */,
			);
			path = HttpMocks;
			sourceTree = "<group>";
		};
		B665B5F9218F7DE1005C517E /* Resources */ = {
			isa = PBXGroup;
			children = (
				B665B5FA218F7DEE005C517E /* product-1232802.json */,
				B665B5FB218F7DEE005C517E /* products.json */,
				B665B5FC218F7DEE005C517E /* empty.json */,
			);
			path = Resources;
			sourceTree = "<group>";
		};
		B665B605218F7FDB005C517E /* Mothers */ = {
			isa = PBXGroup;
			children = (
				B665B606218F7FE6005C517E /* ProductMother.swift */,
			);
			path = Mothers;
			sourceTree = "<group>";
		};
		B665B618218F828D005C517E /* Mocks */ = {
			isa = PBXGroup;
			children = (
				B665B61A218F8297005C517E /* MockProductService.swift */,
				B665B619218F8297005C517E /* MockExchangeRateService.swift */,
			);
			path = Mocks;
			sourceTree = "<group>";
		};
		B665B61D218F836A005C517E /* Constants */ = {
			isa = PBXGroup;
			children = (
				B665B61E218F837F005C517E /* ProductTestContants.swift */,
			);
			path = Constants;
			sourceTree = "<group>";
		};
		B665B624218F8A43005C517E /* Helpers */ = {
			isa = PBXGroup;
			children = (
				B665B625218F8A55005C517E /* FileHelper.swift */,
			);
			path = Helpers;
			sourceTree = "<group>";
		};
		B8F6CDC93BABFD5D1468873E /* Frameworks */ = {
			isa = PBXGroup;
			children = (
				B665B600218F7E73005C517E /* TestHelpers.framework */,
				B656A9A6218F597200080F40 /* ExchangeRate.framework */,
				B611F4E8218F55C100824621 /* Commons.framework */,
				6F0FC1ADA9877410A3158522 /* Pods_Product.framework */,
				023E463382A2059B5B56A17B /* Pods_ProductTests.framework */,
			);
			name = Frameworks;
			sourceTree = "<group>";
		};
/* End PBXGroup section */

/* Begin PBXHeadersBuildPhase section */
		B6441607218F476D00C69174 /* Headers */ = {
			isa = PBXHeadersBuildPhase;
			buildActionMask = 2147483647;
			files = (
			);
			runOnlyForDeploymentPostprocessing = 0;
		};
/* End PBXHeadersBuildPhase section */

/* Begin PBXNativeTarget section */
		B644160B218F476D00C69174 /* Product */ = {
			isa = PBXNativeTarget;
			buildConfigurationList = B6441620218F476E00C69174 /* Build configuration list for PBXNativeTarget "Product" */;
			buildPhases = (
				7D87461644812D8927AF0261 /* [CP] Check Pods Manifest.lock */,
				B6441607218F476D00C69174 /* Headers */,
				B6441608218F476D00C69174 /* Sources */,
				B6441609218F476D00C69174 /* Frameworks */,
				B644160A218F476D00C69174 /* Resources */,
			);
			buildRules = (
			);
			dependencies = (
			);
			name = Product;
			productName = Product;
			productReference = B644160C218F476D00C69174 /* Product.framework */;
			productType = "com.apple.product-type.framework";
		};
		B6441614218F476E00C69174 /* ProductTests */ = {
			isa = PBXNativeTarget;
			buildConfigurationList = B6441623218F476E00C69174 /* Build configuration list for PBXNativeTarget "ProductTests" */;
			buildPhases = (
				8F9A67228728ACAC6E02FDA2 /* [CP] Check Pods Manifest.lock */,
				B6441611218F476E00C69174 /* Sources */,
				B6441612218F476E00C69174 /* Frameworks */,
				B6441613218F476E00C69174 /* Resources */,
				7CEE06F880111C00D240589E /* [CP] Embed Pods Frameworks */,
			);
			buildRules = (
			);
			dependencies = (
				B6441618218F476E00C69174 /* PBXTargetDependency */,
			);
			name = ProductTests;
			productName = ProductTests;
			productReference = B6441615218F476E00C69174 /* ProductTests.xctest */;
			productType = "com.apple.product-type.bundle.unit-test";
		};
/* End PBXNativeTarget section */

/* Begin PBXProject section */
		B6441603218F476D00C69174 /* Project object */ = {
			isa = PBXProject;
			attributes = {
				LastSwiftUpdateCheck = 1010;
				LastUpgradeCheck = 1010;
				ORGANIZATIONNAME = "KM LTD";
				TargetAttributes = {
					B644160B218F476D00C69174 = {
						CreatedOnToolsVersion = 10.1;
					};
					B6441614218F476E00C69174 = {
						CreatedOnToolsVersion = 10.1;
					};
				};
			};
			buildConfigurationList = B6441606218F476D00C69174 /* Build configuration list for PBXProject "Product" */;
			compatibilityVersion = "Xcode 9.3";
			developmentRegion = en;
			hasScannedForEncodings = 0;
			knownRegions = (
				en,
			);
			mainGroup = B6441602218F476D00C69174;
			productRefGroup = B644160D218F476D00C69174 /* Products */;
			projectDirPath = "";
			projectRoot = "";
			targets = (
				B644160B218F476D00C69174 /* Product */,
				B6441614218F476E00C69174 /* ProductTests */,
			);
		};
/* End PBXProject section */

/* Begin PBXResourcesBuildPhase section */
		B644160A218F476D00C69174 /* Resources */ = {
			isa = PBXResourcesBuildPhase;
			buildActionMask = 2147483647;
			files = (
				B611F4E4218F554600824621 /* ProductsViewController.storyboard in Resources */,
				B611F4E1218F553100824621 /* ProductCell.xib in Resources */,
			);
			runOnlyForDeploymentPostprocessing = 0;
		};
		B6441613218F476E00C69174 /* Resources */ = {
			isa = PBXResourcesBuildPhase;
			buildActionMask = 2147483647;
			files = (
				B665B622218F881D005C517E /* products.json in Resources */,
				B665B5FD218F7DEE005C517E /* product-1232802.json in Resources */,
				B665B5FF218F7DEE005C517E /* empty.json in Resources */,
			);
			runOnlyForDeploymentPostprocessing = 0;
		};
/* End PBXResourcesBuildPhase section */

/* Begin PBXShellScriptBuildPhase section */
		7CEE06F880111C00D240589E /* [CP] Embed Pods Frameworks */ = {
			isa = PBXShellScriptBuildPhase;
			buildActionMask = 2147483647;
			files = (
			);
			inputFileListPaths = (
			);
			inputPaths = (
				"${SRCROOT}/../Pods/Target Support Files/Pods-ProductTests/Pods-ProductTests-frameworks.sh",
				"${BUILT_PRODUCTS_DIR}/Nuke/Nuke.framework",
				"${BUILT_PRODUCTS_DIR}/RxCocoa/RxCocoa.framework",
				"${BUILT_PRODUCTS_DIR}/RxSwift/RxSwift.framework",
				"${BUILT_PRODUCTS_DIR}/SwiftyJSON/SwiftyJSON.framework",
				"${BUILT_PRODUCTS_DIR}/Nimble/Nimble.framework",
				"${BUILT_PRODUCTS_DIR}/OHHTTPStubs/OHHTTPStubs.framework",
				"${BUILT_PRODUCTS_DIR}/Quick/Quick.framework",
			);
			name = "[CP] Embed Pods Frameworks";
			outputFileListPaths = (
			);
			outputPaths = (
				"${TARGET_BUILD_DIR}/${FRAMEWORKS_FOLDER_PATH}/Nuke.framework",
				"${TARGET_BUILD_DIR}/${FRAMEWORKS_FOLDER_PATH}/RxCocoa.framework",
				"${TARGET_BUILD_DIR}/${FRAMEWORKS_FOLDER_PATH}/RxSwift.framework",
				"${TARGET_BUILD_DIR}/${FRAMEWORKS_FOLDER_PATH}/SwiftyJSON.framework",
				"${TARGET_BUILD_DIR}/${FRAMEWORKS_FOLDER_PATH}/Nimble.framework",
				"${TARGET_BUILD_DIR}/${FRAMEWORKS_FOLDER_PATH}/OHHTTPStubs.framework",
				"${TARGET_BUILD_DIR}/${FRAMEWORKS_FOLDER_PATH}/Quick.framework",
			);
			runOnlyForDeploymentPostprocessing = 0;
			shellPath = /bin/sh;
			shellScript = "\"${SRCROOT}/../Pods/Target Support Files/Pods-ProductTests/Pods-ProductTests-frameworks.sh\"\n";
			showEnvVarsInLog = 0;
		};
		7D87461644812D8927AF0261 /* [CP] Check Pods Manifest.lock */ = {
			isa = PBXShellScriptBuildPhase;
			buildActionMask = 2147483647;
			files = (
			);
			inputFileListPaths = (
			);
			inputPaths = (
				"${PODS_PODFILE_DIR_PATH}/Podfile.lock",
				"${PODS_ROOT}/Manifest.lock",
			);
			name = "[CP] Check Pods Manifest.lock";
			outputFileListPaths = (
			);
			outputPaths = (
				"$(DERIVED_FILE_DIR)/Pods-Product-checkManifestLockResult.txt",
			);
			runOnlyForDeploymentPostprocessing = 0;
			shellPath = /bin/sh;
			shellScript = "diff \"${PODS_PODFILE_DIR_PATH}/Podfile.lock\" \"${PODS_ROOT}/Manifest.lock\" > /dev/null\nif [ $? != 0 ] ; then\n    # print error to STDERR\n    echo \"error: The sandbox is not in sync with the Podfile.lock. Run 'pod install' or update your CocoaPods installation.\" >&2\n    exit 1\nfi\n# This output is used by Xcode 'outputs' to avoid re-running this script phase.\necho \"SUCCESS\" > \"${SCRIPT_OUTPUT_FILE_0}\"\n";
			showEnvVarsInLog = 0;
		};
		8F9A67228728ACAC6E02FDA2 /* [CP] Check Pods Manifest.lock */ = {
			isa = PBXShellScriptBuildPhase;
			buildActionMask = 2147483647;
			files = (
			);
			inputFileListPaths = (
			);
			inputPaths = (
				"${PODS_PODFILE_DIR_PATH}/Podfile.lock",
				"${PODS_ROOT}/Manifest.lock",
			);
			name = "[CP] Check Pods Manifest.lock";
			outputFileListPaths = (
			);
			outputPaths = (
				"$(DERIVED_FILE_DIR)/Pods-ProductTests-checkManifestLockResult.txt",
			);
			runOnlyForDeploymentPostprocessing = 0;
			shellPath = /bin/sh;
			shellScript = "diff \"${PODS_PODFILE_DIR_PATH}/Podfile.lock\" \"${PODS_ROOT}/Manifest.lock\" > /dev/null\nif [ $? != 0 ] ; then\n    # print error to STDERR\n    echo \"error: The sandbox is not in sync with the Podfile.lock. Run 'pod install' or update your CocoaPods installation.\" >&2\n    exit 1\nfi\n# This output is used by Xcode 'outputs' to avoid re-running this script phase.\necho \"SUCCESS\" > \"${SCRIPT_OUTPUT_FILE_0}\"\n";
			showEnvVarsInLog = 0;
		};
/* End PBXShellScriptBuildPhase section */

/* Begin PBXSourcesBuildPhase section */
		B6441608218F476D00C69174 /* Sources */ = {
			isa = PBXSourcesBuildPhase;
			buildActionMask = 2147483647;
			files = (
				B611F4CF218F544E00824621 /* ProductCellRepresentable.swift in Sources */,
				B611F4D5218F547800824621 /* ProductResource.swift in Sources */,
				B611F4D1218F546700824621 /* ProductsRequest.swift in Sources */,
				B611F4D6218F547800824621 /* ProductsResource.swift in Sources */,
				B611F4DB218F551100824621 /* ProductRouter.swift in Sources */,
				B611F4E0218F553100824621 /* ProductCell.swift in Sources */,
				B611F4E5218F554600824621 /* ProductsViewController.swift in Sources */,
				B611F4DD218F552300824621 /* ProductService.swift in Sources */,
				B611F4E7218F555300824621 /* ProductsViewModel.swift in Sources */,
				B611F4D7218F547800824621 /* PriceResource.swift in Sources */,
			);
			runOnlyForDeploymentPostprocessing = 0;
		};
		B6441611218F476E00C69174 /* Sources */ = {
			isa = PBXSourcesBuildPhase;
			buildActionMask = 2147483647;
			files = (
				B665B5F8218F7DD2005C517E /* ProductsHttpMocker.swift in Sources */,
				B665B5EF218F7B04005C517E /* ProductsViewControllerTests.swift in Sources */,
				B665B607218F7FE6005C517E /* ProductMother.swift in Sources */,
				B665B5E9218F7AEF005C517E /* ProductsResourceSpec.swift in Sources */,
				B665B626218F8A55005C517E /* FileHelper.swift in Sources */,
				B665B61C218F8297005C517E /* MockProductService.swift in Sources */,
				B665B61B218F8297005C517E /* MockExchangeRateService.swift in Sources */,
				B665B5EB218F7AF6005C517E /* ProductServiceTests.swift in Sources */,
				B665B61F218F837F005C517E /* ProductTestContants.swift in Sources */,
				B665B5F1218F7B0A005C517E /* ProductViewModelTests.swift in Sources */,
				B665B5E8218F7AEF005C517E /* ProductResourceSpec.swift in Sources */,
				B665B5E5218F7AE6005C517E /* ProductsRequest.swift in Sources */,
				B665B5ED218F7AFD005C517E /* ProductCellTests.swift in Sources */,
			);
			runOnlyForDeploymentPostprocessing = 0;
		};
/* End PBXSourcesBuildPhase section */

/* Begin PBXTargetDependency section */
		B6441618218F476E00C69174 /* PBXTargetDependency */ = {
			isa = PBXTargetDependency;
			target = B644160B218F476D00C69174 /* Product */;
			targetProxy = B6441617218F476E00C69174 /* PBXContainerItemProxy */;
		};
/* End PBXTargetDependency section */

/* Begin XCBuildConfiguration section */
		B644161E218F476E00C69174 /* Debug */ = {
			isa = XCBuildConfiguration;
			buildSettings = {
				ALWAYS_SEARCH_USER_PATHS = NO;
				CLANG_ANALYZER_NONNULL = YES;
				CLANG_ANALYZER_NUMBER_OBJECT_CONVERSION = YES_AGGRESSIVE;
				CLANG_CXX_LANGUAGE_STANDARD = "gnu++14";
				CLANG_CXX_LIBRARY = "libc++";
				CLANG_ENABLE_MODULES = YES;
				CLANG_ENABLE_OBJC_ARC = YES;
				CLANG_ENABLE_OBJC_WEAK = YES;
				CLANG_WARN_BLOCK_CAPTURE_AUTORELEASING = YES;
				CLANG_WARN_BOOL_CONVERSION = YES;
				CLANG_WARN_COMMA = YES;
				CLANG_WARN_CONSTANT_CONVERSION = YES;
				CLANG_WARN_DEPRECATED_OBJC_IMPLEMENTATIONS = YES;
				CLANG_WARN_DIRECT_OBJC_ISA_USAGE = YES_ERROR;
				CLANG_WARN_DOCUMENTATION_COMMENTS = YES;
				CLANG_WARN_EMPTY_BODY = YES;
				CLANG_WARN_ENUM_CONVERSION = YES;
				CLANG_WARN_INFINITE_RECURSION = YES;
				CLANG_WARN_INT_CONVERSION = YES;
				CLANG_WARN_NON_LITERAL_NULL_CONVERSION = YES;
				CLANG_WARN_OBJC_IMPLICIT_RETAIN_SELF = YES;
				CLANG_WARN_OBJC_LITERAL_CONVERSION = YES;
				CLANG_WARN_OBJC_ROOT_CLASS = YES_ERROR;
				CLANG_WARN_RANGE_LOOP_ANALYSIS = YES;
				CLANG_WARN_STRICT_PROTOTYPES = YES;
				CLANG_WARN_SUSPICIOUS_MOVE = YES;
				CLANG_WARN_UNGUARDED_AVAILABILITY = YES_AGGRESSIVE;
				CLANG_WARN_UNREACHABLE_CODE = YES;
				CLANG_WARN__DUPLICATE_METHOD_MATCH = YES;
				CODE_SIGN_IDENTITY = "iPhone Developer";
				COPY_PHASE_STRIP = NO;
				CURRENT_PROJECT_VERSION = 1;
				DEBUG_INFORMATION_FORMAT = dwarf;
				ENABLE_STRICT_OBJC_MSGSEND = YES;
				ENABLE_TESTABILITY = YES;
				GCC_C_LANGUAGE_STANDARD = gnu11;
				GCC_DYNAMIC_NO_PIC = NO;
				GCC_NO_COMMON_BLOCKS = YES;
				GCC_OPTIMIZATION_LEVEL = 0;
				GCC_PREPROCESSOR_DEFINITIONS = (
					"DEBUG=1",
					"$(inherited)",
				);
				GCC_WARN_64_TO_32_BIT_CONVERSION = YES;
				GCC_WARN_ABOUT_RETURN_TYPE = YES_ERROR;
				GCC_WARN_UNDECLARED_SELECTOR = YES;
				GCC_WARN_UNINITIALIZED_AUTOS = YES_AGGRESSIVE;
				GCC_WARN_UNUSED_FUNCTION = YES;
				GCC_WARN_UNUSED_VARIABLE = YES;
				IPHONEOS_DEPLOYMENT_TARGET = 10.0;
				MTL_ENABLE_DEBUG_INFO = INCLUDE_SOURCE;
				MTL_FAST_MATH = YES;
				ONLY_ACTIVE_ARCH = YES;
				SDKROOT = iphoneos;
				SWIFT_ACTIVE_COMPILATION_CONDITIONS = DEBUG;
				SWIFT_OPTIMIZATION_LEVEL = "-Onone";
				VERSIONING_SYSTEM = "apple-generic";
				VERSION_INFO_PREFIX = "";
			};
			name = Debug;
		};
		B644161F218F476E00C69174 /* Release */ = {
			isa = XCBuildConfiguration;
			buildSettings = {
				ALWAYS_SEARCH_USER_PATHS = NO;
				CLANG_ANALYZER_NONNULL = YES;
				CLANG_ANALYZER_NUMBER_OBJECT_CONVERSION = YES_AGGRESSIVE;
				CLANG_CXX_LANGUAGE_STANDARD = "gnu++14";
				CLANG_CXX_LIBRARY = "libc++";
				CLANG_ENABLE_MODULES = YES;
				CLANG_ENABLE_OBJC_ARC = YES;
				CLANG_ENABLE_OBJC_WEAK = YES;
				CLANG_WARN_BLOCK_CAPTURE_AUTORELEASING = YES;
				CLANG_WARN_BOOL_CONVERSION = YES;
				CLANG_WARN_COMMA = YES;
				CLANG_WARN_CONSTANT_CONVERSION = YES;
				CLANG_WARN_DEPRECATED_OBJC_IMPLEMENTATIONS = YES;
				CLANG_WARN_DIRECT_OBJC_ISA_USAGE = YES_ERROR;
				CLANG_WARN_DOCUMENTATION_COMMENTS = YES;
				CLANG_WARN_EMPTY_BODY = YES;
				CLANG_WARN_ENUM_CONVERSION = YES;
				CLANG_WARN_INFINITE_RECURSION = YES;
				CLANG_WARN_INT_CONVERSION = YES;
				CLANG_WARN_NON_LITERAL_NULL_CONVERSION = YES;
				CLANG_WARN_OBJC_IMPLICIT_RETAIN_SELF = YES;
				CLANG_WARN_OBJC_LITERAL_CONVERSION = YES;
				CLANG_WARN_OBJC_ROOT_CLASS = YES_ERROR;
				CLANG_WARN_RANGE_LOOP_ANALYSIS = YES;
				CLANG_WARN_STRICT_PROTOTYPES = YES;
				CLANG_WARN_SUSPICIOUS_MOVE = YES;
				CLANG_WARN_UNGUARDED_AVAILABILITY = YES_AGGRESSIVE;
				CLANG_WARN_UNREACHABLE_CODE = YES;
				CLANG_WARN__DUPLICATE_METHOD_MATCH = YES;
				CODE_SIGN_IDENTITY = "iPhone Developer";
				COPY_PHASE_STRIP = NO;
				CURRENT_PROJECT_VERSION = 1;
				DEBUG_INFORMATION_FORMAT = "dwarf-with-dsym";
				ENABLE_NS_ASSERTIONS = NO;
				ENABLE_STRICT_OBJC_MSGSEND = YES;
				GCC_C_LANGUAGE_STANDARD = gnu11;
				GCC_NO_COMMON_BLOCKS = YES;
				GCC_WARN_64_TO_32_BIT_CONVERSION = YES;
				GCC_WARN_ABOUT_RETURN_TYPE = YES_ERROR;
				GCC_WARN_UNDECLARED_SELECTOR = YES;
				GCC_WARN_UNINITIALIZED_AUTOS = YES_AGGRESSIVE;
				GCC_WARN_UNUSED_FUNCTION = YES;
				GCC_WARN_UNUSED_VARIABLE = YES;
				IPHONEOS_DEPLOYMENT_TARGET = 10.0;
				MTL_ENABLE_DEBUG_INFO = NO;
				MTL_FAST_MATH = YES;
				SDKROOT = iphoneos;
				SWIFT_COMPILATION_MODE = wholemodule;
				SWIFT_OPTIMIZATION_LEVEL = "-O";
				VALIDATE_PRODUCT = YES;
				VERSIONING_SYSTEM = "apple-generic";
				VERSION_INFO_PREFIX = "";
			};
			name = Release;
		};
		B6441621218F476E00C69174 /* Debug */ = {
			isa = XCBuildConfiguration;
			baseConfigurationReference = D619594EDC42D4BC30717D7D /* Pods-Product.debug.xcconfig */;
			buildSettings = {
				CODE_SIGN_IDENTITY = "";
				CODE_SIGN_STYLE = Automatic;
				DEFINES_MODULE = YES;
				DEVELOPMENT_TEAM = BDD95TS3QC;
				DYLIB_COMPATIBILITY_VERSION = 1;
				DYLIB_CURRENT_VERSION = 1;
				DYLIB_INSTALL_NAME_BASE = "@rpath";
				INFOPLIST_FILE = Product/Info.plist;
				INSTALL_PATH = "$(LOCAL_LIBRARY_DIR)/Frameworks";
				LD_RUNPATH_SEARCH_PATHS = (
					"$(inherited)",
					"@executable_path/Frameworks",
					"@loader_path/Frameworks",
				);
				PRODUCT_BUNDLE_IDENTIFIER = com.km.Product;
				PRODUCT_NAME = "$(TARGET_NAME:c99extidentifier)";
				SKIP_INSTALL = YES;
				SWIFT_VERSION = 4.2;
				TARGETED_DEVICE_FAMILY = "1,2";
			};
			name = Debug;
		};
		B6441622218F476E00C69174 /* Release */ = {
			isa = XCBuildConfiguration;
			baseConfigurationReference = B5BA13C4193519709D51B4D2 /* Pods-Product.release.xcconfig */;
			buildSettings = {
				CODE_SIGN_IDENTITY = "";
				CODE_SIGN_STYLE = Automatic;
				DEFINES_MODULE = YES;
				DEVELOPMENT_TEAM = BDD95TS3QC;
				DYLIB_COMPATIBILITY_VERSION = 1;
				DYLIB_CURRENT_VERSION = 1;
				DYLIB_INSTALL_NAME_BASE = "@rpath";
				INFOPLIST_FILE = Product/Info.plist;
				INSTALL_PATH = "$(LOCAL_LIBRARY_DIR)/Frameworks";
				LD_RUNPATH_SEARCH_PATHS = (
					"$(inherited)",
					"@executable_path/Frameworks",
					"@loader_path/Frameworks",
				);
				PRODUCT_BUNDLE_IDENTIFIER = com.km.Product;
				PRODUCT_NAME = "$(TARGET_NAME:c99extidentifier)";
				SKIP_INSTALL = YES;
				SWIFT_VERSION = 4.2;
				TARGETED_DEVICE_FAMILY = "1,2";
			};
			name = Release;
		};
		B6441624218F476E00C69174 /* Debug */ = {
			isa = XCBuildConfiguration;
			baseConfigurationReference = 9E66140082EEA6B92FC46A7C /* Pods-ProductTests.debug.xcconfig */;
			buildSettings = {
				ALWAYS_EMBED_SWIFT_STANDARD_LIBRARIES = "$(inherited)";
				CODE_SIGN_STYLE = Automatic;
				DEVELOPMENT_TEAM = BDD95TS3QC;
				INFOPLIST_FILE = ProductTests/Info.plist;
				LD_RUNPATH_SEARCH_PATHS = (
					"$(inherited)",
					"@executable_path/Frameworks",
					"@loader_path/Frameworks",
				);
				PRODUCT_BUNDLE_IDENTIFIER = com.km.ProductTests;
				PRODUCT_NAME = "$(TARGET_NAME)";
				SWIFT_VERSION = 4.2;
				TARGETED_DEVICE_FAMILY = "1,2";
			};
			name = Debug;
		};
		B6441625218F476E00C69174 /* Release */ = {
			isa = XCBuildConfiguration;
			baseConfigurationReference = C84C245C1F91C190C075FCA2 /* Pods-ProductTests.release.xcconfig */;
			buildSettings = {
				ALWAYS_EMBED_SWIFT_STANDARD_LIBRARIES = "$(inherited)";
				CODE_SIGN_STYLE = Automatic;
				DEVELOPMENT_TEAM = BDD95TS3QC;
				INFOPLIST_FILE = ProductTests/Info.plist;
				LD_RUNPATH_SEARCH_PATHS = (
					"$(inherited)",
					"@executable_path/Frameworks",
					"@loader_path/Frameworks",
				);
				PRODUCT_BUNDLE_IDENTIFIER = com.km.ProductTests;
				PRODUCT_NAME = "$(TARGET_NAME)";
				SWIFT_VERSION = 4.2;
				TARGETED_DEVICE_FAMILY = "1,2";
			};
			name = Release;
		};
/* End XCBuildConfiguration section */

/* Begin XCConfigurationList section */
		B6441606218F476D00C69174 /* Build configuration list for PBXProject "Product" */ = {
			isa = XCConfigurationList;
			buildConfigurations = (
				B644161E218F476E00C69174 /* Debug */,
				B644161F218F476E00C69174 /* Release */,
			);
			defaultConfigurationIsVisible = 0;
			defaultConfigurationName = Release;
		};
		B6441620218F476E00C69174 /* Build configuration list for PBXNativeTarget "Product" */ = {
			isa = XCConfigurationList;
			buildConfigurations = (
				B6441621218F476E00C69174 /* Debug */,
				B6441622218F476E00C69174 /* Release */,
			);
			defaultConfigurationIsVisible = 0;
			defaultConfigurationName = Release;
		};
		B6441623218F476E00C69174 /* Build configuration list for PBXNativeTarget "ProductTests" */ = {
			isa = XCConfigurationList;
			buildConfigurations = (
				B6441624218F476E00C69174 /* Debug */,
				B6441625218F476E00C69174 /* Release */,
			);
			defaultConfigurationIsVisible = 0;
			defaultConfigurationName = Release;
		};
/* End XCConfigurationList section */
	};
	rootObject = B6441603218F476D00C69174 /* Project object */;
}
