// !$*UTF8*$!
{
	archiveVersion = 1;
	classes = {
	};
	objectVersion = 50;
	objects = {

/* Begin PBXBuildFile section */
		83F70691FDDF9015595800CF /* Pods_MatchesFashionAppTests.framework in Frameworks */ = {isa = PBXBuildFile; fileRef = 38A8D36DC412C161338BB5AE /* Pods_MatchesFashionAppTests.framework */; };
		B63BF0D0215D553C00BB2554 /* AppDelegate.swift in Sources */ = {isa = PBXBuildFile; fileRef = B63BF0CF215D553C00BB2554 /* AppDelegate.swift */; };
		B63BF0D7215D553E00BB2554 /* Assets.xcassets in Resources */ = {isa = PBXBuildFile; fileRef = B63BF0D6215D553E00BB2554 /* Assets.xcassets */; };
		B63BF0DA215D553E00BB2554 /* LaunchScreen.storyboard in Resources */ = {isa = PBXBuildFile; fileRef = B63BF0D8215D553E00BB2554 /* LaunchScreen.storyboard */; };
		B63BF0E5215D553E00BB2554 /* ProductResourceSpec.swift in Sources */ = {isa = PBXBuildFile; fileRef = B63BF0E4215D553E00BB2554 /* ProductResourceSpec.swift */; };
		B6AEA741215D5EA600E1EF83 /* Resource.swift in Sources */ = {isa = PBXBuildFile; fileRef = B6AEA740215D5EA600E1EF83 /* Resource.swift */; };
		B6AEA74C215D61E100E1EF83 /* ExchangeRateRequest.swift in Sources */ = {isa = PBXBuildFile; fileRef = B6AEA74B215D61E100E1EF83 /* ExchangeRateRequest.swift */; };
		B6AEA74F215D652200E1EF83 /* product-1232802.json in Resources */ = {isa = PBXBuildFile; fileRef = B6AEA74E215D652200E1EF83 /* product-1232802.json */; };
		B6AEA753215D671E00E1EF83 /* FileHelper.swift in Sources */ = {isa = PBXBuildFile; fileRef = B6AEA751215D671D00E1EF83 /* FileHelper.swift */; };
		B6AEA754215D671E00E1EF83 /* RxCollector.swift in Sources */ = {isa = PBXBuildFile; fileRef = B6AEA752215D671E00E1EF83 /* RxCollector.swift */; };
		B6AEA757215D676000E1EF83 /* ProductMother.swift in Sources */ = {isa = PBXBuildFile; fileRef = B6AEA756215D676000E1EF83 /* ProductMother.swift */; };
		B6AEA759215D68C900E1EF83 /* ProductResource.swift in Sources */ = {isa = PBXBuildFile; fileRef = B6AEA758215D68C900E1EF83 /* ProductResource.swift */; };
		B6AEA75B215D708F00E1EF83 /* PriceResource.swift in Sources */ = {isa = PBXBuildFile; fileRef = B6AEA75A215D708F00E1EF83 /* PriceResource.swift */; };
		B6AEA75F215D8A7100E1EF83 /* products.json in Resources */ = {isa = PBXBuildFile; fileRef = B6AEA75E215D8A7100E1EF83 /* products.json */; };
		B6AEA761215D8D8500E1EF83 /* ProductsResource.swift in Sources */ = {isa = PBXBuildFile; fileRef = B6AEA760215D8D8500E1EF83 /* ProductsResource.swift */; };
		B6AEA765215D8EB600E1EF83 /* ProductsResourceSpec.swift in Sources */ = {isa = PBXBuildFile; fileRef = B6AEA764215D8EB600E1EF83 /* ProductsResourceSpec.swift */; };
		B6AEA76C215EBB7900E1EF83 /* HttpResponse.swift in Sources */ = {isa = PBXBuildFile; fileRef = B6AEA768215EBB7800E1EF83 /* HttpResponse.swift */; };
		B6AEA76D215EBB7900E1EF83 /* HttpMethod.swift in Sources */ = {isa = PBXBuildFile; fileRef = B6AEA769215EBB7800E1EF83 /* HttpMethod.swift */; };
		B6AEA76E215EBB7900E1EF83 /* HttpStatusCode.swift in Sources */ = {isa = PBXBuildFile; fileRef = B6AEA76A215EBB7800E1EF83 /* HttpStatusCode.swift */; };
		B6AEA76F215EBB7900E1EF83 /* ApiResponse.swift in Sources */ = {isa = PBXBuildFile; fileRef = B6AEA76B215EBB7800E1EF83 /* ApiResponse.swift */; };
		B6AEA773215EBB9A00E1EF83 /* ApiError.swift in Sources */ = {isa = PBXBuildFile; fileRef = B6AEA771215EBB9A00E1EF83 /* ApiError.swift */; };
		B6AEA775215EBBE300E1EF83 /* ApiRequest.swift in Sources */ = {isa = PBXBuildFile; fileRef = B6AEA774215EBBE300E1EF83 /* ApiRequest.swift */; };
		B6AEA779215EBF8700E1EF83 /* HttpResponseMother.swift in Sources */ = {isa = PBXBuildFile; fileRef = B6AEA778215EBF8600E1EF83 /* HttpResponseMother.swift */; };
		B6AEA77B215EC7E000E1EF83 /* ProductsRequest.swift in Sources */ = {isa = PBXBuildFile; fileRef = B6AEA77A215EC7E000E1EF83 /* ProductsRequest.swift */; };
		B6AEA77E215EC98700E1EF83 /* ProductsRequest.swift in Sources */ = {isa = PBXBuildFile; fileRef = B6AEA77D215EC98700E1EF83 /* ProductsRequest.swift */; };
		B6AEA782215ECA6700E1EF83 /* ApiResponseTests.swift in Sources */ = {isa = PBXBuildFile; fileRef = B6AEA781215ECA6700E1EF83 /* ApiResponseTests.swift */; };
		B6AEA786215ECAD800E1EF83 /* HttpClient.swift in Sources */ = {isa = PBXBuildFile; fileRef = B6AEA784215ECAD800E1EF83 /* HttpClient.swift */; };
		B6AEA787215ECAD800E1EF83 /* ApiClient.swift in Sources */ = {isa = PBXBuildFile; fileRef = B6AEA785215ECAD800E1EF83 /* ApiClient.swift */; };
		B6AEA78E215ECB3800E1EF83 /* Creatable.swift in Sources */ = {isa = PBXBuildFile; fileRef = B6AEA788215ECB3600E1EF83 /* Creatable.swift */; };
		B6AEA78F215ECB3800E1EF83 /* Creator.swift in Sources */ = {isa = PBXBuildFile; fileRef = B6AEA789215ECB3700E1EF83 /* Creator.swift */; };
		B6AEA791215ECB3800E1EF83 /* RouterCreatable.swift in Sources */ = {isa = PBXBuildFile; fileRef = B6AEA78B215ECB3700E1EF83 /* RouterCreatable.swift */; };
		B6AEA792215ECB3800E1EF83 /* ServiceCreatable.swift in Sources */ = {isa = PBXBuildFile; fileRef = B6AEA78C215ECB3700E1EF83 /* ServiceCreatable.swift */; };
		B6AEA793215ECB3800E1EF83 /* UtilityCreatable.swift in Sources */ = {isa = PBXBuildFile; fileRef = B6AEA78D215ECB3800E1EF83 /* UtilityCreatable.swift */; };
		B6AEA795215ECBD700E1EF83 /* Service.swift in Sources */ = {isa = PBXBuildFile; fileRef = B6AEA794215ECBD700E1EF83 /* Service.swift */; };
		B6AEA797215ECD1600E1EF83 /* Remote.swift in Sources */ = {isa = PBXBuildFile; fileRef = B6AEA796215ECD1600E1EF83 /* Remote.swift */; };
		B6AEA799215ECD7A00E1EF83 /* Router.swift in Sources */ = {isa = PBXBuildFile; fileRef = B6AEA798215ECD7A00E1EF83 /* Router.swift */; };
		B6AEA79C215ED06B00E1EF83 /* ApiRequestTests.swift in Sources */ = {isa = PBXBuildFile; fileRef = B6AEA79B215ED06B00E1EF83 /* ApiRequestTests.swift */; };
		B6AEA7A1215ED0F400E1EF83 /* Constants.swift in Sources */ = {isa = PBXBuildFile; fileRef = B6AEA7A0215ED0F400E1EF83 /* Constants.swift */; };
		B6AEA7A4215ED4C500E1EF83 /* ProductsHttpMocker.swift in Sources */ = {isa = PBXBuildFile; fileRef = B6AEA7A3215ED4C500E1EF83 /* ProductsHttpMocker.swift */; };
		B6AEA7A6215ED53800E1EF83 /* empty.json in Resources */ = {isa = PBXBuildFile; fileRef = B6AEA7A5215ED53800E1EF83 /* empty.json */; };
		B6AEA7A9215ED60700E1EF83 /* ProductServiceTests.swift in Sources */ = {isa = PBXBuildFile; fileRef = B6AEA7A8215ED60700E1EF83 /* ProductServiceTests.swift */; };
		B6AEA7AB215ED6EC00E1EF83 /* ProductService.swift in Sources */ = {isa = PBXBuildFile; fileRef = B6AEA7AA215ED6EC00E1EF83 /* ProductService.swift */; };
		B6AEA7B7215F77BE00E1EF83 /* ExchangeRateResourceSpecs.swift in Sources */ = {isa = PBXBuildFile; fileRef = B6AEA7B6215F77BE00E1EF83 /* ExchangeRateResourceSpecs.swift */; };
		B6AEA7B9215F781A00E1EF83 /* ExchangeRateRequestTests.swift in Sources */ = {isa = PBXBuildFile; fileRef = B6AEA7B8215F781A00E1EF83 /* ExchangeRateRequestTests.swift */; };
		B6AEA7BA215F822700E1EF83 /* ExchangeRateResource.swift in Sources */ = {isa = PBXBuildFile; fileRef = B6AEA7AF215EDE3E00E1EF83 /* ExchangeRateResource.swift */; };
		B6AEA7BB215F827D00E1EF83 /* ExchangeRateMother.swift in Sources */ = {isa = PBXBuildFile; fileRef = B6AEA7B4215EDFBF00E1EF83 /* ExchangeRateMother.swift */; };
		B6AEA7C0215FA09700E1EF83 /* ExchangeRateHttpMocker.swift in Sources */ = {isa = PBXBuildFile; fileRef = B6AEA7BF215FA09700E1EF83 /* ExchangeRateHttpMocker.swift */; };
		B6AEA7C4215FA0DC00E1EF83 /* exchange-rate.json in Resources */ = {isa = PBXBuildFile; fileRef = B6AEA7C3215FA0DC00E1EF83 /* exchange-rate.json */; };
		B6AEA7C6215FA12F00E1EF83 /* Scenario.swift in Sources */ = {isa = PBXBuildFile; fileRef = B6AEA7C5215FA12F00E1EF83 /* Scenario.swift */; };
		B6AEA7C9215FA1AF00E1EF83 /* ExchangeRateServiceTests.swift in Sources */ = {isa = PBXBuildFile; fileRef = B6AEA7C8215FA1AF00E1EF83 /* ExchangeRateServiceTests.swift */; };
		B6AEA7CC215FA39A00E1EF83 /* ExchangeRateService.swift in Sources */ = {isa = PBXBuildFile; fileRef = B6AEA7CB215FA39A00E1EF83 /* ExchangeRateService.swift */; };
		B6AEA7CE215FAE0900E1EF83 /* AppRouter.swift in Sources */ = {isa = PBXBuildFile; fileRef = B6AEA7CD215FAE0900E1EF83 /* AppRouter.swift */; };
		B6AEA7D0215FB1B200E1EF83 /* ProductRouter.swift in Sources */ = {isa = PBXBuildFile; fileRef = B6AEA7CF215FB1B200E1EF83 /* ProductRouter.swift */; };
		B6AEA7D3215FB61B00E1EF83 /* ProductsViewController.swift in Sources */ = {isa = PBXBuildFile; fileRef = B6AEA7D2215FB61B00E1EF83 /* ProductsViewController.swift */; };
		B6AEA7D8215FB78800E1EF83 /* ProductsViewModel.swift in Sources */ = {isa = PBXBuildFile; fileRef = B6AEA7D7215FB78800E1EF83 /* ProductsViewModel.swift */; };
		B6AEA7DA215FB7BF00E1EF83 /* ViewModel.swift in Sources */ = {isa = PBXBuildFile; fileRef = B6AEA7D9215FB7BF00E1EF83 /* ViewModel.swift */; };
		B6AEA7DC215FB9AC00E1EF83 /* ModelableViewController.swift in Sources */ = {isa = PBXBuildFile; fileRef = B6AEA7DB215FB9AC00E1EF83 /* ModelableViewController.swift */; };
		B6AEA7DE215FB9F000E1EF83 /* ViewControllerCreatable.swift in Sources */ = {isa = PBXBuildFile; fileRef = B6AEA7DD215FB9F000E1EF83 /* ViewControllerCreatable.swift */; };
		B6AEA7E2215FC12100E1EF83 /* MatchesFashionAppRouterTests.swift in Sources */ = {isa = PBXBuildFile; fileRef = B6AEA7E1215FC12100E1EF83 /* MatchesFashionAppRouterTests.swift */; };
		B6BD0557215FC42E000059F0 /* ProductCell.swift in Sources */ = {isa = PBXBuildFile; fileRef = B6BD0555215FC42D000059F0 /* ProductCell.swift */; };
		B6BD0558215FC42E000059F0 /* ProductCell.xib in Resources */ = {isa = PBXBuildFile; fileRef = B6BD0556215FC42E000059F0 /* ProductCell.xib */; };
		B6BD055C215FC5B4000059F0 /* UICollectionView+Extension.swift in Sources */ = {isa = PBXBuildFile; fileRef = B6BD055A215FC5B4000059F0 /* UICollectionView+Extension.swift */; };
		B6BD055D215FC5B4000059F0 /* Reactive+Extension.swift in Sources */ = {isa = PBXBuildFile; fileRef = B6BD055B215FC5B4000059F0 /* Reactive+Extension.swift */; };
		B6BD0560215FC5C8000059F0 /* CollectionViewItem.swift in Sources */ = {isa = PBXBuildFile; fileRef = B6BD055E215FC5C8000059F0 /* CollectionViewItem.swift */; };
		B6BD0561215FC5C8000059F0 /* CollectionViewCell.swift in Sources */ = {isa = PBXBuildFile; fileRef = B6BD055F215FC5C8000059F0 /* CollectionViewCell.swift */; };
		B6BD0563215FC672000059F0 /* ProductCellRepresentable.swift in Sources */ = {isa = PBXBuildFile; fileRef = B6BD0562215FC672000059F0 /* ProductCellRepresentable.swift */; };
		B6BD0565215FCC3F000059F0 /* ProductsViewController.storyboard in Resources */ = {isa = PBXBuildFile; fileRef = B6BD0564215FCC3F000059F0 /* ProductsViewController.storyboard */; };
		B6BD0568215FCCE9000059F0 /* CollectionViewDataSource.swift in Sources */ = {isa = PBXBuildFile; fileRef = B6BD0567215FCCE8000059F0 /* CollectionViewDataSource.swift */; };
		B6BD056B215FEEBF000059F0 /* MockCreator.swift in Sources */ = {isa = PBXBuildFile; fileRef = B6BD056A215FEEBF000059F0 /* MockCreator.swift */; };
		B6BD056D215FF01A000059F0 /* MockProductService.swift in Sources */ = {isa = PBXBuildFile; fileRef = B6BD056C215FF01A000059F0 /* MockProductService.swift */; };
		B6BD056F215FF0C8000059F0 /* MockExchangeRateService.swift in Sources */ = {isa = PBXBuildFile; fileRef = B6BD056E215FF0C8000059F0 /* MockExchangeRateService.swift */; };
		B6BD0571215FF29F000059F0 /* NibCreator.swift in Sources */ = {isa = PBXBuildFile; fileRef = B6BD0570215FF29F000059F0 /* NibCreator.swift */; };
		B6BD0574215FF2E1000059F0 /* ProductViewModelTests.swift in Sources */ = {isa = PBXBuildFile; fileRef = B6BD0573215FF2E1000059F0 /* ProductViewModelTests.swift */; };
		B6BD0579215FFD1E000059F0 /* ProductCellTests.swift in Sources */ = {isa = PBXBuildFile; fileRef = B6BD0578215FFD1E000059F0 /* ProductCellTests.swift */; };
		B6BD057C215FFEC9000059F0 /* ProductsViewControllerTests.swift in Sources */ = {isa = PBXBuildFile; fileRef = B6BD057B215FFEC8000059F0 /* ProductsViewControllerTests.swift */; };
		B6BD057F21600AE3000059F0 /* Currency.swift in Sources */ = {isa = PBXBuildFile; fileRef = B6AEA7BD215F978500E1EF83 /* Currency.swift */; };
		B6BD058121602F80000059F0 /* CurrencyExchangeRateResource.swift in Sources */ = {isa = PBXBuildFile; fileRef = B6BD058021602F80000059F0 /* CurrencyExchangeRateResource.swift */; };
		CFE4CC1C6D3AEDB0FA16B29D /* Pods_MatchesFashionApp.framework in Frameworks */ = {isa = PBXBuildFile; fileRef = 05B316CCDA97CB02E51774E7 /* Pods_MatchesFashionApp.framework */; };
/* End PBXBuildFile section */

/* Begin PBXContainerItemProxy section */
		B63BF0E1215D553E00BB2554 /* PBXContainerItemProxy */ = {
			isa = PBXContainerItemProxy;
			containerPortal = B63BF0C4215D553C00BB2554 /* Project object */;
			proxyType = 1;
			remoteGlobalIDString = B63BF0CB215D553C00BB2554;
			remoteInfo = MatchesFashionApp;
		};
/* End PBXContainerItemProxy section */

/* Begin PBXFileReference section */
		05B316CCDA97CB02E51774E7 /* Pods_MatchesFashionApp.framework */ = {isa = PBXFileReference; explicitFileType = wrapper.framework; includeInIndex = 0; path = Pods_MatchesFashionApp.framework; sourceTree = BUILT_PRODUCTS_DIR; };
		38A8D36DC412C161338BB5AE /* Pods_MatchesFashionAppTests.framework */ = {isa = PBXFileReference; explicitFileType = wrapper.framework; includeInIndex = 0; path = Pods_MatchesFashionAppTests.framework; sourceTree = BUILT_PRODUCTS_DIR; };
		5F76022E12D9DDD9A87AA144 /* Pods-MatchesFashionAppTests.debug.xcconfig */ = {isa = PBXFileReference; includeInIndex = 1; lastKnownFileType = text.xcconfig; name = "Pods-MatchesFashionAppTests.debug.xcconfig"; path = "Pods/Target Support Files/Pods-MatchesFashionAppTests/Pods-MatchesFashionAppTests.debug.xcconfig"; sourceTree = "<group>"; };
		69EDCFCC94554ADD322C5D3D /* Pods-MatchesFashionAppTests.release.xcconfig */ = {isa = PBXFileReference; includeInIndex = 1; lastKnownFileType = text.xcconfig; name = "Pods-MatchesFashionAppTests.release.xcconfig"; path = "Pods/Target Support Files/Pods-MatchesFashionAppTests/Pods-MatchesFashionAppTests.release.xcconfig"; sourceTree = "<group>"; };
		765A85DE111867D3D0D9AEC8 /* Pods-MatchesFashionApp.debug.xcconfig */ = {isa = PBXFileReference; includeInIndex = 1; lastKnownFileType = text.xcconfig; name = "Pods-MatchesFashionApp.debug.xcconfig"; path = "Pods/Target Support Files/Pods-MatchesFashionApp/Pods-MatchesFashionApp.debug.xcconfig"; sourceTree = "<group>"; };
		7BB2350742643AAC307A7C73 /* Pods-MatchesFashionApp.release.xcconfig */ = {isa = PBXFileReference; includeInIndex = 1; lastKnownFileType = text.xcconfig; name = "Pods-MatchesFashionApp.release.xcconfig"; path = "Pods/Target Support Files/Pods-MatchesFashionApp/Pods-MatchesFashionApp.release.xcconfig"; sourceTree = "<group>"; };
		B63BF0CC215D553C00BB2554 /* MatchesFashionApp.app */ = {isa = PBXFileReference; explicitFileType = wrapper.application; includeInIndex = 0; path = MatchesFashionApp.app; sourceTree = BUILT_PRODUCTS_DIR; };
		B63BF0CF215D553C00BB2554 /* AppDelegate.swift */ = {isa = PBXFileReference; lastKnownFileType = sourcecode.swift; path = AppDelegate.swift; sourceTree = "<group>"; };
		B63BF0D6215D553E00BB2554 /* Assets.xcassets */ = {isa = PBXFileReference; lastKnownFileType = folder.assetcatalog; path = Assets.xcassets; sourceTree = "<group>"; };
		B63BF0D9215D553E00BB2554 /* Base */ = {isa = PBXFileReference; lastKnownFileType = file.storyboard; name = Base; path = Base.lproj/LaunchScreen.storyboard; sourceTree = "<group>"; };
		B63BF0DB215D553E00BB2554 /* Info.plist */ = {isa = PBXFileReference; lastKnownFileType = text.plist.xml; path = Info.plist; sourceTree = "<group>"; };
		B63BF0E0215D553E00BB2554 /* MatchesFashionAppTests.xctest */ = {isa = PBXFileReference; explicitFileType = wrapper.cfbundle; includeInIndex = 0; path = MatchesFashionAppTests.xctest; sourceTree = BUILT_PRODUCTS_DIR; };
		B63BF0E4215D553E00BB2554 /* ProductResourceSpec.swift */ = {isa = PBXFileReference; lastKnownFileType = sourcecode.swift; path = ProductResourceSpec.swift; sourceTree = "<group>"; };
		B63BF0E6215D553E00BB2554 /* Info.plist */ = {isa = PBXFileReference; lastKnownFileType = text.plist.xml; path = Info.plist; sourceTree = "<group>"; };
		B6AEA740215D5EA600E1EF83 /* Resource.swift */ = {isa = PBXFileReference; lastKnownFileType = sourcecode.swift; path = Resource.swift; sourceTree = "<group>"; };
		B6AEA74B215D61E100E1EF83 /* ExchangeRateRequest.swift */ = {isa = PBXFileReference; lastKnownFileType = sourcecode.swift; path = ExchangeRateRequest.swift; sourceTree = "<group>"; };
		B6AEA74E215D652200E1EF83 /* product-1232802.json */ = {isa = PBXFileReference; lastKnownFileType = text.json; path = "product-1232802.json"; sourceTree = "<group>"; };
		B6AEA751215D671D00E1EF83 /* FileHelper.swift */ = {isa = PBXFileReference; fileEncoding = 4; lastKnownFileType = sourcecode.swift; path = FileHelper.swift; sourceTree = "<group>"; };
		B6AEA752215D671E00E1EF83 /* RxCollector.swift */ = {isa = PBXFileReference; fileEncoding = 4; lastKnownFileType = sourcecode.swift; path = RxCollector.swift; sourceTree = "<group>"; };
		B6AEA756215D676000E1EF83 /* ProductMother.swift */ = {isa = PBXFileReference; lastKnownFileType = sourcecode.swift; path = ProductMother.swift; sourceTree = "<group>"; };
		B6AEA758215D68C900E1EF83 /* ProductResource.swift */ = {isa = PBXFileReference; lastKnownFileType = sourcecode.swift; path = ProductResource.swift; sourceTree = "<group>"; };
		B6AEA75A215D708F00E1EF83 /* PriceResource.swift */ = {isa = PBXFileReference; lastKnownFileType = sourcecode.swift; path = PriceResource.swift; sourceTree = "<group>"; };
		B6AEA75E215D8A7100E1EF83 /* products.json */ = {isa = PBXFileReference; lastKnownFileType = text.json; path = products.json; sourceTree = "<group>"; };
		B6AEA760215D8D8500E1EF83 /* ProductsResource.swift */ = {isa = PBXFileReference; lastKnownFileType = sourcecode.swift; path = ProductsResource.swift; sourceTree = "<group>"; };
		B6AEA764215D8EB600E1EF83 /* ProductsResourceSpec.swift */ = {isa = PBXFileReference; lastKnownFileType = sourcecode.swift; path = ProductsResourceSpec.swift; sourceTree = "<group>"; };
		B6AEA768215EBB7800E1EF83 /* HttpResponse.swift */ = {isa = PBXFileReference; fileEncoding = 4; lastKnownFileType = sourcecode.swift; path = HttpResponse.swift; sourceTree = "<group>"; };
		B6AEA769215EBB7800E1EF83 /* HttpMethod.swift */ = {isa = PBXFileReference; fileEncoding = 4; lastKnownFileType = sourcecode.swift; path = HttpMethod.swift; sourceTree = "<group>"; };
		B6AEA76A215EBB7800E1EF83 /* HttpStatusCode.swift */ = {isa = PBXFileReference; fileEncoding = 4; lastKnownFileType = sourcecode.swift; path = HttpStatusCode.swift; sourceTree = "<group>"; };
		B6AEA76B215EBB7800E1EF83 /* ApiResponse.swift */ = {isa = PBXFileReference; fileEncoding = 4; lastKnownFileType = sourcecode.swift; path = ApiResponse.swift; sourceTree = "<group>"; };
		B6AEA771215EBB9A00E1EF83 /* ApiError.swift */ = {isa = PBXFileReference; fileEncoding = 4; lastKnownFileType = sourcecode.swift; path = ApiError.swift; sourceTree = "<group>"; };
		B6AEA774215EBBE300E1EF83 /* ApiRequest.swift */ = {isa = PBXFileReference; fileEncoding = 4; lastKnownFileType = sourcecode.swift; path = ApiRequest.swift; sourceTree = "<group>"; };
		B6AEA778215EBF8600E1EF83 /* HttpResponseMother.swift */ = {isa = PBXFileReference; fileEncoding = 4; lastKnownFileType = sourcecode.swift; path = HttpResponseMother.swift; sourceTree = "<group>"; };
		B6AEA77A215EC7E000E1EF83 /* ProductsRequest.swift */ = {isa = PBXFileReference; lastKnownFileType = sourcecode.swift; path = ProductsRequest.swift; sourceTree = "<group>"; };
		B6AEA77D215EC98700E1EF83 /* ProductsRequest.swift */ = {isa = PBXFileReference; lastKnownFileType = sourcecode.swift; path = ProductsRequest.swift; sourceTree = "<group>"; };
		B6AEA781215ECA6700E1EF83 /* ApiResponseTests.swift */ = {isa = PBXFileReference; fileEncoding = 4; lastKnownFileType = sourcecode.swift; path = ApiResponseTests.swift; sourceTree = "<group>"; };
		B6AEA784215ECAD800E1EF83 /* HttpClient.swift */ = {isa = PBXFileReference; fileEncoding = 4; lastKnownFileType = sourcecode.swift; path = HttpClient.swift; sourceTree = "<group>"; };
		B6AEA785215ECAD800E1EF83 /* ApiClient.swift */ = {isa = PBXFileReference; fileEncoding = 4; lastKnownFileType = sourcecode.swift; path = ApiClient.swift; sourceTree = "<group>"; };
		B6AEA788215ECB3600E1EF83 /* Creatable.swift */ = {isa = PBXFileReference; fileEncoding = 4; lastKnownFileType = sourcecode.swift; path = Creatable.swift; sourceTree = "<group>"; };
		B6AEA789215ECB3700E1EF83 /* Creator.swift */ = {isa = PBXFileReference; fileEncoding = 4; lastKnownFileType = sourcecode.swift; path = Creator.swift; sourceTree = "<group>"; };
		B6AEA78B215ECB3700E1EF83 /* RouterCreatable.swift */ = {isa = PBXFileReference; fileEncoding = 4; lastKnownFileType = sourcecode.swift; path = RouterCreatable.swift; sourceTree = "<group>"; };
		B6AEA78C215ECB3700E1EF83 /* ServiceCreatable.swift */ = {isa = PBXFileReference; fileEncoding = 4; lastKnownFileType = sourcecode.swift; path = ServiceCreatable.swift; sourceTree = "<group>"; };
		B6AEA78D215ECB3800E1EF83 /* UtilityCreatable.swift */ = {isa = PBXFileReference; fileEncoding = 4; lastKnownFileType = sourcecode.swift; path = UtilityCreatable.swift; sourceTree = "<group>"; };
		B6AEA794215ECBD700E1EF83 /* Service.swift */ = {isa = PBXFileReference; fileEncoding = 4; lastKnownFileType = sourcecode.swift; path = Service.swift; sourceTree = "<group>"; };
		B6AEA796215ECD1600E1EF83 /* Remote.swift */ = {isa = PBXFileReference; lastKnownFileType = sourcecode.swift; path = Remote.swift; sourceTree = "<group>"; };
		B6AEA798215ECD7A00E1EF83 /* Router.swift */ = {isa = PBXFileReference; lastKnownFileType = sourcecode.swift; path = Router.swift; sourceTree = "<group>"; };
		B6AEA79B215ED06B00E1EF83 /* ApiRequestTests.swift */ = {isa = PBXFileReference; lastKnownFileType = sourcecode.swift; path = ApiRequestTests.swift; sourceTree = "<group>"; };
		B6AEA7A0215ED0F400E1EF83 /* Constants.swift */ = {isa = PBXFileReference; fileEncoding = 4; lastKnownFileType = sourcecode.swift; path = Constants.swift; sourceTree = "<group>"; };
		B6AEA7A3215ED4C500E1EF83 /* ProductsHttpMocker.swift */ = {isa = PBXFileReference; fileEncoding = 4; lastKnownFileType = sourcecode.swift; path = ProductsHttpMocker.swift; sourceTree = "<group>"; };
		B6AEA7A5215ED53800E1EF83 /* empty.json */ = {isa = PBXFileReference; lastKnownFileType = text.json; path = empty.json; sourceTree = "<group>"; };
		B6AEA7A8215ED60700E1EF83 /* ProductServiceTests.swift */ = {isa = PBXFileReference; lastKnownFileType = sourcecode.swift; path = ProductServiceTests.swift; sourceTree = "<group>"; };
		B6AEA7AA215ED6EC00E1EF83 /* ProductService.swift */ = {isa = PBXFileReference; lastKnownFileType = sourcecode.swift; path = ProductService.swift; sourceTree = "<group>"; };
		B6AEA7AF215EDE3E00E1EF83 /* ExchangeRateResource.swift */ = {isa = PBXFileReference; lastKnownFileType = sourcecode.swift; path = ExchangeRateResource.swift; sourceTree = "<group>"; };
		B6AEA7B4215EDFBF00E1EF83 /* ExchangeRateMother.swift */ = {isa = PBXFileReference; lastKnownFileType = sourcecode.swift; path = ExchangeRateMother.swift; sourceTree = "<group>"; };
		B6AEA7B6215F77BE00E1EF83 /* ExchangeRateResourceSpecs.swift */ = {isa = PBXFileReference; lastKnownFileType = sourcecode.swift; path = ExchangeRateResourceSpecs.swift; sourceTree = "<group>"; };
		B6AEA7B8215F781A00E1EF83 /* ExchangeRateRequestTests.swift */ = {isa = PBXFileReference; lastKnownFileType = sourcecode.swift; path = ExchangeRateRequestTests.swift; sourceTree = "<group>"; };
		B6AEA7BD215F978500E1EF83 /* Currency.swift */ = {isa = PBXFileReference; lastKnownFileType = sourcecode.swift; path = Currency.swift; sourceTree = "<group>"; };
		B6AEA7BF215FA09700E1EF83 /* ExchangeRateHttpMocker.swift */ = {isa = PBXFileReference; lastKnownFileType = sourcecode.swift; path = ExchangeRateHttpMocker.swift; sourceTree = "<group>"; };
		B6AEA7C3215FA0DC00E1EF83 /* exchange-rate.json */ = {isa = PBXFileReference; lastKnownFileType = text.json; path = "exchange-rate.json"; sourceTree = "<group>"; };
		B6AEA7C5215FA12F00E1EF83 /* Scenario.swift */ = {isa = PBXFileReference; lastKnownFileType = sourcecode.swift; path = Scenario.swift; sourceTree = "<group>"; };
		B6AEA7C8215FA1AF00E1EF83 /* ExchangeRateServiceTests.swift */ = {isa = PBXFileReference; lastKnownFileType = sourcecode.swift; path = ExchangeRateServiceTests.swift; sourceTree = "<group>"; };
		B6AEA7CB215FA39A00E1EF83 /* ExchangeRateService.swift */ = {isa = PBXFileReference; lastKnownFileType = sourcecode.swift; path = ExchangeRateService.swift; sourceTree = "<group>"; };
		B6AEA7CD215FAE0900E1EF83 /* AppRouter.swift */ = {isa = PBXFileReference; lastKnownFileType = sourcecode.swift; path = AppRouter.swift; sourceTree = "<group>"; };
		B6AEA7CF215FB1B200E1EF83 /* ProductRouter.swift */ = {isa = PBXFileReference; lastKnownFileType = sourcecode.swift; path = ProductRouter.swift; sourceTree = "<group>"; };
		B6AEA7D2215FB61B00E1EF83 /* ProductsViewController.swift */ = {isa = PBXFileReference; lastKnownFileType = sourcecode.swift; path = ProductsViewController.swift; sourceTree = "<group>"; };
		B6AEA7D7215FB78800E1EF83 /* ProductsViewModel.swift */ = {isa = PBXFileReference; lastKnownFileType = sourcecode.swift; path = ProductsViewModel.swift; sourceTree = "<group>"; };
		B6AEA7D9215FB7BF00E1EF83 /* ViewModel.swift */ = {isa = PBXFileReference; fileEncoding = 4; lastKnownFileType = sourcecode.swift; path = ViewModel.swift; sourceTree = "<group>"; };
		B6AEA7DB215FB9AC00E1EF83 /* ModelableViewController.swift */ = {isa = PBXFileReference; fileEncoding = 4; lastKnownFileType = sourcecode.swift; path = ModelableViewController.swift; sourceTree = "<group>"; };
		B6AEA7DD215FB9F000E1EF83 /* ViewControllerCreatable.swift */ = {isa = PBXFileReference; fileEncoding = 4; lastKnownFileType = sourcecode.swift; path = ViewControllerCreatable.swift; sourceTree = "<group>"; };
		B6AEA7E1215FC12100E1EF83 /* MatchesFashionAppRouterTests.swift */ = {isa = PBXFileReference; lastKnownFileType = sourcecode.swift; path = MatchesFashionAppRouterTests.swift; sourceTree = "<group>"; };
		B6BD0555215FC42D000059F0 /* ProductCell.swift */ = {isa = PBXFileReference; fileEncoding = 4; lastKnownFileType = sourcecode.swift; path = ProductCell.swift; sourceTree = "<group>"; };
		B6BD0556215FC42E000059F0 /* ProductCell.xib */ = {isa = PBXFileReference; fileEncoding = 4; lastKnownFileType = file.xib; path = ProductCell.xib; sourceTree = "<group>"; };
		B6BD055A215FC5B4000059F0 /* UICollectionView+Extension.swift */ = {isa = PBXFileReference; fileEncoding = 4; lastKnownFileType = sourcecode.swift; path = "UICollectionView+Extension.swift"; sourceTree = "<group>"; };
		B6BD055B215FC5B4000059F0 /* Reactive+Extension.swift */ = {isa = PBXFileReference; fileEncoding = 4; lastKnownFileType = sourcecode.swift; path = "Reactive+Extension.swift"; sourceTree = "<group>"; };
		B6BD055E215FC5C8000059F0 /* CollectionViewItem.swift */ = {isa = PBXFileReference; fileEncoding = 4; lastKnownFileType = sourcecode.swift; path = CollectionViewItem.swift; sourceTree = "<group>"; };
		B6BD055F215FC5C8000059F0 /* CollectionViewCell.swift */ = {isa = PBXFileReference; fileEncoding = 4; lastKnownFileType = sourcecode.swift; path = CollectionViewCell.swift; sourceTree = "<group>"; };
		B6BD0562215FC672000059F0 /* ProductCellRepresentable.swift */ = {isa = PBXFileReference; lastKnownFileType = sourcecode.swift; path = ProductCellRepresentable.swift; sourceTree = "<group>"; };
		B6BD0564215FCC3F000059F0 /* ProductsViewController.storyboard */ = {isa = PBXFileReference; fileEncoding = 4; lastKnownFileType = file.storyboard; path = ProductsViewController.storyboard; sourceTree = "<group>"; };
		B6BD0567215FCCE8000059F0 /* CollectionViewDataSource.swift */ = {isa = PBXFileReference; fileEncoding = 4; lastKnownFileType = sourcecode.swift; path = CollectionViewDataSource.swift; sourceTree = "<group>"; };
		B6BD056A215FEEBF000059F0 /* MockCreator.swift */ = {isa = PBXFileReference; lastKnownFileType = sourcecode.swift; path = MockCreator.swift; sourceTree = "<group>"; };
		B6BD056C215FF01A000059F0 /* MockProductService.swift */ = {isa = PBXFileReference; lastKnownFileType = sourcecode.swift; path = MockProductService.swift; sourceTree = "<group>"; };
		B6BD056E215FF0C8000059F0 /* MockExchangeRateService.swift */ = {isa = PBXFileReference; lastKnownFileType = sourcecode.swift; path = MockExchangeRateService.swift; sourceTree = "<group>"; };
		B6BD0570215FF29F000059F0 /* NibCreator.swift */ = {isa = PBXFileReference; fileEncoding = 4; lastKnownFileType = sourcecode.swift; path = NibCreator.swift; sourceTree = "<group>"; };
		B6BD0573215FF2E1000059F0 /* ProductViewModelTests.swift */ = {isa = PBXFileReference; lastKnownFileType = sourcecode.swift; path = ProductViewModelTests.swift; sourceTree = "<group>"; };
		B6BD0578215FFD1E000059F0 /* ProductCellTests.swift */ = {isa = PBXFileReference; fileEncoding = 4; lastKnownFileType = sourcecode.swift; path = ProductCellTests.swift; sourceTree = "<group>"; };
		B6BD057B215FFEC8000059F0 /* ProductsViewControllerTests.swift */ = {isa = PBXFileReference; fileEncoding = 4; lastKnownFileType = sourcecode.swift; path = ProductsViewControllerTests.swift; sourceTree = "<group>"; };
		B6BD058021602F80000059F0 /* CurrencyExchangeRateResource.swift */ = {isa = PBXFileReference; lastKnownFileType = sourcecode.swift; path = CurrencyExchangeRateResource.swift; sourceTree = "<group>"; };
/* End PBXFileReference section */

/* Begin PBXFrameworksBuildPhase section */
		B63BF0C9215D553C00BB2554 /* Frameworks */ = {
			isa = PBXFrameworksBuildPhase;
			buildActionMask = 2147483647;
			files = (
				CFE4CC1C6D3AEDB0FA16B29D /* Pods_MatchesFashionApp.framework in Frameworks */,
			);
			runOnlyForDeploymentPostprocessing = 0;
		};
		B63BF0DD215D553E00BB2554 /* Frameworks */ = {
			isa = PBXFrameworksBuildPhase;
			buildActionMask = 2147483647;
			files = (
				83F70691FDDF9015595800CF /* Pods_MatchesFashionAppTests.framework in Frameworks */,
			);
			runOnlyForDeploymentPostprocessing = 0;
		};
/* End PBXFrameworksBuildPhase section */

/* Begin PBXGroup section */
		24E83951F69F385D67EB7638 /* Pods */ = {
			isa = PBXGroup;
			children = (
				765A85DE111867D3D0D9AEC8 /* Pods-MatchesFashionApp.debug.xcconfig */,
				7BB2350742643AAC307A7C73 /* Pods-MatchesFashionApp.release.xcconfig */,
				5F76022E12D9DDD9A87AA144 /* Pods-MatchesFashionAppTests.debug.xcconfig */,
				69EDCFCC94554ADD322C5D3D /* Pods-MatchesFashionAppTests.release.xcconfig */,
			);
			name = Pods;
			sourceTree = "<group>";
		};
		B63BF0C3215D553C00BB2554 = {
			isa = PBXGroup;
			children = (
				B63BF0CE215D553C00BB2554 /* MatchesFashionApp */,
				B63BF0E3215D553E00BB2554 /* MatchesFashionAppTests */,
				B63BF0CD215D553C00BB2554 /* Products */,
				24E83951F69F385D67EB7638 /* Pods */,
				E094C836CF9A72C01A92DD09 /* Frameworks */,
			);
			sourceTree = "<group>";
		};
		B63BF0CD215D553C00BB2554 /* Products */ = {
			isa = PBXGroup;
			children = (
				B63BF0CC215D553C00BB2554 /* MatchesFashionApp.app */,
				B63BF0E0215D553E00BB2554 /* MatchesFashionAppTests.xctest */,
			);
			name = Products;
			sourceTree = "<group>";
		};
		B63BF0CE215D553C00BB2554 /* MatchesFashionApp */ = {
			isa = PBXGroup;
			children = (
				B6AEA73F215D5D6400E1EF83 /* App */,
				B6AEA742215D5F1F00E1EF83 /* Product */,
				B6AEA743215D5F2600E1EF83 /* ExchangeRate */,
				B6AEA73D215D5D4200E1EF83 /* Shared */,
				B6AEA73E215D5D4800E1EF83 /* SupportFiles */,
			);
			path = MatchesFashionApp;
			sourceTree = "<group>";
		};
		B63BF0E3215D553E00BB2554 /* MatchesFashionAppTests */ = {
			isa = PBXGroup;
			children = (
				B6AEA7DF215FC10100E1EF83 /* App */,
				B6AEA7B1215EDE5E00E1EF83 /* ExchangeRate */,
				B6AEA750215D671100E1EF83 /* Helper */,
				B6AEA7A2215ED48700E1EF83 /* HttpMocks */,
				B6AEA79D215ED08E00E1EF83 /* Mocks */,
				B6AEA755215D673D00E1EF83 /* Mothers */,
				B6AEA762215D8EA000E1EF83 /* Product */,
				B6AEA74D215D650B00E1EF83 /* Resources */,
				B6AEA77F215ECA5600E1EF83 /* Shared */,
				B63BF0E6215D553E00BB2554 /* Info.plist */,
			);
			path = MatchesFashionAppTests;
			sourceTree = "<group>";
		};
		B6AEA73D215D5D4200E1EF83 /* Shared */ = {
			isa = PBXGroup;
			children = (
				B6BD0566215FCCD4000059F0 /* datasource */,
				B6AEA767215EBB4200E1EF83 /* error */,
				B6BD0559215FC59F000059F0 /* extension */,
				B6AEA766215EBB3A00E1EF83 /* model */,
				B6AEA744215D5F3900E1EF83 /* protocol */,
				B6AEA783215ECAC800E1EF83 /* util */,
			);
			path = Shared;
			sourceTree = "<group>";
		};
		B6AEA73E215D5D4800E1EF83 /* SupportFiles */ = {
			isa = PBXGroup;
			children = (
				B63BF0D6215D553E00BB2554 /* Assets.xcassets */,
				B63BF0D8215D553E00BB2554 /* LaunchScreen.storyboard */,
				B63BF0DB215D553E00BB2554 /* Info.plist */,
			);
			path = SupportFiles;
			sourceTree = "<group>";
		};
		B6AEA73F215D5D6400E1EF83 /* App */ = {
			isa = PBXGroup;
			children = (
				B63BF0CF215D553C00BB2554 /* AppDelegate.swift */,
				B6BD057E216004B8000059F0 /* router */,
			);
			path = App;
			sourceTree = "<group>";
		};
		B6AEA742215D5F1F00E1EF83 /* Product */ = {
			isa = PBXGroup;
			children = (
				B6AEA747215D5F5100E1EF83 /* protocol */,
				B6AEA74A215D5F6800E1EF83 /* request */,
				B6AEA745215D5F4600E1EF83 /* resource */,
				B6BD057D2160046D000059F0 /* router */,
				B6AEA746215D5F4B00E1EF83 /* service */,
				B6AEA749215D5F5C00E1EF83 /* view */,
				B6AEA748215D5F5600E1EF83 /* viewcontroller */,
				B6AEA7D6215FB77500E1EF83 /* viewmodel */,
			);
			path = Product;
			sourceTree = "<group>";
		};
		B6AEA743215D5F2600E1EF83 /* ExchangeRate */ = {
			isa = PBXGroup;
			children = (
				B6AEA7BC215F977800E1EF83 /* model */,
				B6AEA7AD215EDDEE00E1EF83 /* request */,
				B6AEA7AE215EDDF600E1EF83 /* resource */,
				B6AEA7CA215FA38800E1EF83 /* service */,
			);
			path = ExchangeRate;
			sourceTree = "<group>";
		};
		B6AEA744215D5F3900E1EF83 /* protocol */ = {
			isa = PBXGroup;
			children = (
				B6BD055F215FC5C8000059F0 /* CollectionViewCell.swift */,
				B6BD055E215FC5C8000059F0 /* CollectionViewItem.swift */,
				B6AEA7DD215FB9F000E1EF83 /* ViewControllerCreatable.swift */,
				B6AEA7DB215FB9AC00E1EF83 /* ModelableViewController.swift */,
				B6AEA7D9215FB7BF00E1EF83 /* ViewModel.swift */,
				B6AEA788215ECB3600E1EF83 /* Creatable.swift */,
				B6AEA78B215ECB3700E1EF83 /* RouterCreatable.swift */,
				B6AEA78C215ECB3700E1EF83 /* ServiceCreatable.swift */,
				B6AEA78D215ECB3800E1EF83 /* UtilityCreatable.swift */,
				B6AEA794215ECBD700E1EF83 /* Service.swift */,
				B6AEA740215D5EA600E1EF83 /* Resource.swift */,
				B6AEA798215ECD7A00E1EF83 /* Router.swift */,
				B6AEA774215EBBE300E1EF83 /* ApiRequest.swift */,
			);
			path = protocol;
			sourceTree = "<group>";
		};
		B6AEA745215D5F4600E1EF83 /* resource */ = {
			isa = PBXGroup;
			children = (
				B6AEA758215D68C900E1EF83 /* ProductResource.swift */,
				B6AEA75A215D708F00E1EF83 /* PriceResource.swift */,
				B6AEA760215D8D8500E1EF83 /* ProductsResource.swift */,
			);
			path = resource;
			sourceTree = "<group>";
		};
		B6AEA746215D5F4B00E1EF83 /* service */ = {
			isa = PBXGroup;
			children = (
				B6AEA7AA215ED6EC00E1EF83 /* ProductService.swift */,
			);
			path = service;
			sourceTree = "<group>";
		};
		B6AEA747215D5F5100E1EF83 /* protocol */ = {
			isa = PBXGroup;
			children = (
				B6BD0562215FC672000059F0 /* ProductCellRepresentable.swift */,
			);
			path = protocol;
			sourceTree = "<group>";
		};
		B6AEA748215D5F5600E1EF83 /* viewcontroller */ = {
			isa = PBXGroup;
			children = (
				B6AEA7D2215FB61B00E1EF83 /* ProductsViewController.swift */,
				B6BD0564215FCC3F000059F0 /* ProductsViewController.storyboard */,
			);
			path = viewcontroller;
			sourceTree = "<group>";
		};
		B6AEA749215D5F5C00E1EF83 /* view */ = {
			isa = PBXGroup;
			children = (
				B6BD0555215FC42D000059F0 /* ProductCell.swift */,
				B6BD0556215FC42E000059F0 /* ProductCell.xib */,
			);
			path = view;
			sourceTree = "<group>";
		};
		B6AEA74A215D5F6800E1EF83 /* request */ = {
			isa = PBXGroup;
			children = (
				B6AEA77D215EC98700E1EF83 /* ProductsRequest.swift */,
			);
			path = request;
			sourceTree = "<group>";
		};
		B6AEA74D215D650B00E1EF83 /* Resources */ = {
			isa = PBXGroup;
			children = (
				B6AEA74E215D652200E1EF83 /* product-1232802.json */,
				B6AEA75E215D8A7100E1EF83 /* products.json */,
				B6AEA7A5215ED53800E1EF83 /* empty.json */,
				B6AEA7C3215FA0DC00E1EF83 /* exchange-rate.json */,
			);
			path = Resources;
			sourceTree = "<group>";
		};
		B6AEA750215D671100E1EF83 /* Helper */ = {
			isa = PBXGroup;
			children = (
				B6BD0570215FF29F000059F0 /* NibCreator.swift */,
				B6BD056A215FEEBF000059F0 /* MockCreator.swift */,
				B6AEA7A0215ED0F400E1EF83 /* Constants.swift */,
				B6AEA751215D671D00E1EF83 /* FileHelper.swift */,
				B6AEA752215D671E00E1EF83 /* RxCollector.swift */,
				B6AEA7C5215FA12F00E1EF83 /* Scenario.swift */,
			);
			path = Helper;
			sourceTree = "<group>";
		};
		B6AEA755215D673D00E1EF83 /* Mothers */ = {
			isa = PBXGroup;
			children = (
				B6AEA778215EBF8600E1EF83 /* HttpResponseMother.swift */,
				B6AEA756215D676000E1EF83 /* ProductMother.swift */,
				B6AEA7B4215EDFBF00E1EF83 /* ExchangeRateMother.swift */,
			);
			path = Mothers;
			sourceTree = "<group>";
		};
		B6AEA762215D8EA000E1EF83 /* Product */ = {
			isa = PBXGroup;
			children = (
				B6AEA77C215EC7E500E1EF83 /* request */,
				B6AEA763215D8EA700E1EF83 /* resource */,
				B6AEA7A7215ED5ED00E1EF83 /* service */,
				B6BD0577215FFD0D000059F0 /* view */,
				B6BD057A215FFEAA000059F0 /* viewcontroller */,
				B6BD0572215FF2D2000059F0 /* viewmodel */,
			);
			path = Product;
			sourceTree = "<group>";
		};
		B6AEA763215D8EA700E1EF83 /* resource */ = {
			isa = PBXGroup;
			children = (
				B63BF0E4215D553E00BB2554 /* ProductResourceSpec.swift */,
				B6AEA764215D8EB600E1EF83 /* ProductsResourceSpec.swift */,
			);
			path = resource;
			sourceTree = "<group>";
		};
		B6AEA766215EBB3A00E1EF83 /* model */ = {
			isa = PBXGroup;
			children = (
				B6AEA76B215EBB7800E1EF83 /* ApiResponse.swift */,
				B6AEA769215EBB7800E1EF83 /* HttpMethod.swift */,
				B6AEA768215EBB7800E1EF83 /* HttpResponse.swift */,
				B6AEA76A215EBB7800E1EF83 /* HttpStatusCode.swift */,
			);
			path = model;
			sourceTree = "<group>";
		};
		B6AEA767215EBB4200E1EF83 /* error */ = {
			isa = PBXGroup;
			children = (
				B6AEA771215EBB9A00E1EF83 /* ApiError.swift */,
			);
			path = error;
			sourceTree = "<group>";
		};
		B6AEA77C215EC7E500E1EF83 /* request */ = {
			isa = PBXGroup;
			children = (
				B6AEA77A215EC7E000E1EF83 /* ProductsRequest.swift */,
			);
			path = request;
			sourceTree = "<group>";
		};
		B6AEA77F215ECA5600E1EF83 /* Shared */ = {
			isa = PBXGroup;
			children = (
				B6AEA79A215ED05100E1EF83 /* protocol */,
				B6AEA780215ECA5F00E1EF83 /* model */,
			);
			path = Shared;
			sourceTree = "<group>";
		};
		B6AEA780215ECA5F00E1EF83 /* model */ = {
			isa = PBXGroup;
			children = (
				B6AEA781215ECA6700E1EF83 /* ApiResponseTests.swift */,
			);
			path = model;
			sourceTree = "<group>";
		};
		B6AEA783215ECAC800E1EF83 /* util */ = {
			isa = PBXGroup;
			children = (
				B6AEA789215ECB3700E1EF83 /* Creator.swift */,
				B6AEA785215ECAD800E1EF83 /* ApiClient.swift */,
				B6AEA784215ECAD800E1EF83 /* HttpClient.swift */,
				B6AEA796215ECD1600E1EF83 /* Remote.swift */,
			);
			path = util;
			sourceTree = "<group>";
		};
		B6AEA79A215ED05100E1EF83 /* protocol */ = {
			isa = PBXGroup;
			children = (
				B6AEA79B215ED06B00E1EF83 /* ApiRequestTests.swift */,
			);
			path = protocol;
			sourceTree = "<group>";
		};
		B6AEA79D215ED08E00E1EF83 /* Mocks */ = {
			isa = PBXGroup;
			children = (
				B6BD056C215FF01A000059F0 /* MockProductService.swift */,
				B6BD056E215FF0C8000059F0 /* MockExchangeRateService.swift */,
			);
			path = Mocks;
			sourceTree = "<group>";
		};
		B6AEA7A2215ED48700E1EF83 /* HttpMocks */ = {
			isa = PBXGroup;
			children = (
				B6AEA7A3215ED4C500E1EF83 /* ProductsHttpMocker.swift */,
				B6AEA7BF215FA09700E1EF83 /* ExchangeRateHttpMocker.swift */,
			);
			path = HttpMocks;
			sourceTree = "<group>";
		};
		B6AEA7A7215ED5ED00E1EF83 /* service */ = {
			isa = PBXGroup;
			children = (
				B6AEA7A8215ED60700E1EF83 /* ProductServiceTests.swift */,
			);
			path = service;
			sourceTree = "<group>";
		};
		B6AEA7AD215EDDEE00E1EF83 /* request */ = {
			isa = PBXGroup;
			children = (
				B6AEA74B215D61E100E1EF83 /* ExchangeRateRequest.swift */,
			);
			path = request;
			sourceTree = "<group>";
		};
		B6AEA7AE215EDDF600E1EF83 /* resource */ = {
			isa = PBXGroup;
			children = (
				B6AEA7AF215EDE3E00E1EF83 /* ExchangeRateResource.swift */,
				B6BD058021602F80000059F0 /* CurrencyExchangeRateResource.swift */,
			);
			path = resource;
			sourceTree = "<group>";
		};
		B6AEA7B1215EDE5E00E1EF83 /* ExchangeRate */ = {
			isa = PBXGroup;
			children = (
				B6AEA7C7215FA19900E1EF83 /* service */,
				B6AEA7B3215EDE7100E1EF83 /* request */,
				B6AEA7B2215EDE6B00E1EF83 /* resource */,
			);
			path = ExchangeRate;
			sourceTree = "<group>";
		};
		B6AEA7B2215EDE6B00E1EF83 /* resource */ = {
			isa = PBXGroup;
			children = (
				B6AEA7B6215F77BE00E1EF83 /* ExchangeRateResourceSpecs.swift */,
			);
			path = resource;
			sourceTree = "<group>";
		};
		B6AEA7B3215EDE7100E1EF83 /* request */ = {
			isa = PBXGroup;
			children = (
				B6AEA7B8215F781A00E1EF83 /* ExchangeRateRequestTests.swift */,
			);
			path = request;
			sourceTree = "<group>";
		};
		B6AEA7BC215F977800E1EF83 /* model */ = {
			isa = PBXGroup;
			children = (
				B6AEA7BD215F978500E1EF83 /* Currency.swift */,
			);
			path = model;
			sourceTree = "<group>";
		};
		B6AEA7C7215FA19900E1EF83 /* service */ = {
			isa = PBXGroup;
			children = (
				B6AEA7C8215FA1AF00E1EF83 /* ExchangeRateServiceTests.swift */,
			);
			path = service;
			sourceTree = "<group>";
		};
		B6AEA7CA215FA38800E1EF83 /* service */ = {
			isa = PBXGroup;
			children = (
				B6AEA7CB215FA39A00E1EF83 /* ExchangeRateService.swift */,
			);
			path = service;
			sourceTree = "<group>";
		};
		B6AEA7D6215FB77500E1EF83 /* viewmodel */ = {
			isa = PBXGroup;
			children = (
				B6AEA7D7215FB78800E1EF83 /* ProductsViewModel.swift */,
			);
			path = viewmodel;
			sourceTree = "<group>";
		};
		B6AEA7DF215FC10100E1EF83 /* App */ = {
			isa = PBXGroup;
			children = (
				B6AEA7E0215FC10C00E1EF83 /* router */,
			);
			path = App;
			sourceTree = "<group>";
		};
		B6AEA7E0215FC10C00E1EF83 /* router */ = {
			isa = PBXGroup;
			children = (
				B6AEA7E1215FC12100E1EF83 /* MatchesFashionAppRouterTests.swift */,
			);
			path = router;
			sourceTree = "<group>";
		};
		B6BD0559215FC59F000059F0 /* extension */ = {
			isa = PBXGroup;
			children = (
				B6BD055B215FC5B4000059F0 /* Reactive+Extension.swift */,
				B6BD055A215FC5B4000059F0 /* UICollectionView+Extension.swift */,
			);
			path = extension;
			sourceTree = "<group>";
		};
		B6BD0566215FCCD4000059F0 /* datasource */ = {
			isa = PBXGroup;
			children = (
				B6BD0567215FCCE8000059F0 /* CollectionViewDataSource.swift */,
			);
			path = datasource;
			sourceTree = "<group>";
		};
		B6BD0572215FF2D2000059F0 /* viewmodel */ = {
			isa = PBXGroup;
			children = (
				B6BD0573215FF2E1000059F0 /* ProductViewModelTests.swift */,
			);
			path = viewmodel;
			sourceTree = "<group>";
		};
		B6BD0577215FFD0D000059F0 /* view */ = {
			isa = PBXGroup;
			children = (
				B6BD0578215FFD1E000059F0 /* ProductCellTests.swift */,
			);
			path = view;
			sourceTree = "<group>";
		};
		B6BD057A215FFEAA000059F0 /* viewcontroller */ = {
			isa = PBXGroup;
			children = (
				B6BD057B215FFEC8000059F0 /* ProductsViewControllerTests.swift */,
			);
			path = viewcontroller;
			sourceTree = "<group>";
		};
		B6BD057D2160046D000059F0 /* router */ = {
			isa = PBXGroup;
			children = (
				B6AEA7CF215FB1B200E1EF83 /* ProductRouter.swift */,
			);
			path = router;
			sourceTree = "<group>";
		};
		B6BD057E216004B8000059F0 /* router */ = {
			isa = PBXGroup;
			children = (
				B6AEA7CD215FAE0900E1EF83 /* AppRouter.swift */,
			);
			path = router;
			sourceTree = "<group>";
		};
		E094C836CF9A72C01A92DD09 /* Frameworks */ = {
			isa = PBXGroup;
			children = (
				05B316CCDA97CB02E51774E7 /* Pods_MatchesFashionApp.framework */,
				38A8D36DC412C161338BB5AE /* Pods_MatchesFashionAppTests.framework */,
			);
			name = Frameworks;
			sourceTree = "<group>";
		};
/* End PBXGroup section */

/* Begin PBXNativeTarget section */
		B63BF0CB215D553C00BB2554 /* MatchesFashionApp */ = {
			isa = PBXNativeTarget;
			buildConfigurationList = B63BF0E9215D553E00BB2554 /* Build configuration list for PBXNativeTarget "MatchesFashionApp" */;
			buildPhases = (
				960119B583E07E6A15CC0960 /* [CP] Check Pods Manifest.lock */,
				B63BF0C8215D553C00BB2554 /* Sources */,
				B63BF0C9215D553C00BB2554 /* Frameworks */,
				B63BF0CA215D553C00BB2554 /* Resources */,
				FDACFC768075EF36AA439687 /* [CP] Embed Pods Frameworks */,
			);
			buildRules = (
			);
			dependencies = (
			);
			name = MatchesFashionApp;
			productName = MatchesFashionApp;
			productReference = B63BF0CC215D553C00BB2554 /* MatchesFashionApp.app */;
			productType = "com.apple.product-type.application";
		};
		B63BF0DF215D553E00BB2554 /* MatchesFashionAppTests */ = {
			isa = PBXNativeTarget;
			buildConfigurationList = B63BF0EC215D553E00BB2554 /* Build configuration list for PBXNativeTarget "MatchesFashionAppTests" */;
			buildPhases = (
				1B1328F9F092DE2EEEC11A0C /* [CP] Check Pods Manifest.lock */,
				B63BF0DC215D553E00BB2554 /* Sources */,
				B63BF0DD215D553E00BB2554 /* Frameworks */,
				B63BF0DE215D553E00BB2554 /* Resources */,
				66FACD79DCA62D35C543091C /* [CP] Embed Pods Frameworks */,
			);
			buildRules = (
			);
			dependencies = (
				B63BF0E2215D553E00BB2554 /* PBXTargetDependency */,
			);
			name = MatchesFashionAppTests;
			productName = MatchesFashionAppTests;
			productReference = B63BF0E0215D553E00BB2554 /* MatchesFashionAppTests.xctest */;
			productType = "com.apple.product-type.bundle.unit-test";
		};
/* End PBXNativeTarget section */

/* Begin PBXProject section */
		B63BF0C4215D553C00BB2554 /* Project object */ = {
			isa = PBXProject;
			attributes = {
				LastSwiftUpdateCheck = 1000;
				LastUpgradeCheck = 1000;
				ORGANIZATIONNAME = MatchesFashion;
				TargetAttributes = {
					B63BF0CB215D553C00BB2554 = {
						CreatedOnToolsVersion = 10.0;
					};
					B63BF0DF215D553E00BB2554 = {
						CreatedOnToolsVersion = 10.0;
						TestTargetID = B63BF0CB215D553C00BB2554;
					};
				};
			};
			buildConfigurationList = B63BF0C7215D553C00BB2554 /* Build configuration list for PBXProject "MatchesFashionApp" */;
			compatibilityVersion = "Xcode 9.3";
			developmentRegion = en;
			hasScannedForEncodings = 0;
			knownRegions = (
				en,
				Base,
			);
			mainGroup = B63BF0C3215D553C00BB2554;
			productRefGroup = B63BF0CD215D553C00BB2554 /* Products */;
			projectDirPath = "";
			projectRoot = "";
			targets = (
				B63BF0CB215D553C00BB2554 /* MatchesFashionApp */,
				B63BF0DF215D553E00BB2554 /* MatchesFashionAppTests */,
			);
		};
/* End PBXProject section */

/* Begin PBXResourcesBuildPhase section */
		B63BF0CA215D553C00BB2554 /* Resources */ = {
			isa = PBXResourcesBuildPhase;
			buildActionMask = 2147483647;
			files = (
				B63BF0DA215D553E00BB2554 /* LaunchScreen.storyboard in Resources */,
				B6BD0565215FCC3F000059F0 /* ProductsViewController.storyboard in Resources */,
				B6BD0558215FC42E000059F0 /* ProductCell.xib in Resources */,
				B63BF0D7215D553E00BB2554 /* Assets.xcassets in Resources */,
			);
			runOnlyForDeploymentPostprocessing = 0;
		};
		B63BF0DE215D553E00BB2554 /* Resources */ = {
			isa = PBXResourcesBuildPhase;
			buildActionMask = 2147483647;
			files = (
				B6AEA74F215D652200E1EF83 /* product-1232802.json in Resources */,
				B6AEA7A6215ED53800E1EF83 /* empty.json in Resources */,
				B6AEA7C4215FA0DC00E1EF83 /* exchange-rate.json in Resources */,
				B6AEA75F215D8A7100E1EF83 /* products.json in Resources */,
			);
			runOnlyForDeploymentPostprocessing = 0;
		};
/* End PBXResourcesBuildPhase section */

/* Begin PBXShellScriptBuildPhase section */
		1B1328F9F092DE2EEEC11A0C /* [CP] Check Pods Manifest.lock */ = {
			isa = PBXShellScriptBuildPhase;
			buildActionMask = 2147483647;
			files = (
			);
			inputPaths = (
				"${PODS_PODFILE_DIR_PATH}/Podfile.lock",
				"${PODS_ROOT}/Manifest.lock",
			);
			name = "[CP] Check Pods Manifest.lock";
			outputPaths = (
				"$(DERIVED_FILE_DIR)/Pods-MatchesFashionAppTests-checkManifestLockResult.txt",
			);
			runOnlyForDeploymentPostprocessing = 0;
			shellPath = /bin/sh;
			shellScript = "diff \"${PODS_PODFILE_DIR_PATH}/Podfile.lock\" \"${PODS_ROOT}/Manifest.lock\" > /dev/null\nif [ $? != 0 ] ; then\n    # print error to STDERR\n    echo \"error: The sandbox is not in sync with the Podfile.lock. Run 'pod install' or update your CocoaPods installation.\" >&2\n    exit 1\nfi\n# This output is used by Xcode 'outputs' to avoid re-running this script phase.\necho \"SUCCESS\" > \"${SCRIPT_OUTPUT_FILE_0}\"\n";
			showEnvVarsInLog = 0;
		};
		66FACD79DCA62D35C543091C /* [CP] Embed Pods Frameworks */ = {
			isa = PBXShellScriptBuildPhase;
			buildActionMask = 2147483647;
			files = (
			);
			inputPaths = (
				"${SRCROOT}/Pods/Target Support Files/Pods-MatchesFashionAppTests/Pods-MatchesFashionAppTests-frameworks.sh",
				"${BUILT_PRODUCTS_DIR}/Kingfisher/Kingfisher.framework",
				"${BUILT_PRODUCTS_DIR}/RxCocoa/RxCocoa.framework",
				"${BUILT_PRODUCTS_DIR}/RxSwift/RxSwift.framework",
				"${BUILT_PRODUCTS_DIR}/SwiftyJSON/SwiftyJSON.framework",
				"${BUILT_PRODUCTS_DIR}/Nimble/Nimble.framework",
				"${BUILT_PRODUCTS_DIR}/OHHTTPStubs/OHHTTPStubs.framework",
				"${BUILT_PRODUCTS_DIR}/Quick/Quick.framework",
			);
			name = "[CP] Embed Pods Frameworks";
			outputPaths = (
				"${TARGET_BUILD_DIR}/${FRAMEWORKS_FOLDER_PATH}/Kingfisher.framework",
				"${TARGET_BUILD_DIR}/${FRAMEWORKS_FOLDER_PATH}/RxCocoa.framework",
				"${TARGET_BUILD_DIR}/${FRAMEWORKS_FOLDER_PATH}/RxSwift.framework",
				"${TARGET_BUILD_DIR}/${FRAMEWORKS_FOLDER_PATH}/SwiftyJSON.framework",
				"${TARGET_BUILD_DIR}/${FRAMEWORKS_FOLDER_PATH}/Nimble.framework",
				"${TARGET_BUILD_DIR}/${FRAMEWORKS_FOLDER_PATH}/OHHTTPStubs.framework",
				"${TARGET_BUILD_DIR}/${FRAMEWORKS_FOLDER_PATH}/Quick.framework",
			);
			runOnlyForDeploymentPostprocessing = 0;
			shellPath = /bin/sh;
			shellScript = "\"${SRCROOT}/Pods/Target Support Files/Pods-MatchesFashionAppTests/Pods-MatchesFashionAppTests-frameworks.sh\"\n";
			showEnvVarsInLog = 0;
		};
		960119B583E07E6A15CC0960 /* [CP] Check Pods Manifest.lock */ = {
			isa = PBXShellScriptBuildPhase;
			buildActionMask = 2147483647;
			files = (
			);
			inputPaths = (
				"${PODS_PODFILE_DIR_PATH}/Podfile.lock",
				"${PODS_ROOT}/Manifest.lock",
			);
			name = "[CP] Check Pods Manifest.lock";
			outputPaths = (
				"$(DERIVED_FILE_DIR)/Pods-MatchesFashionApp-checkManifestLockResult.txt",
			);
			runOnlyForDeploymentPostprocessing = 0;
			shellPath = /bin/sh;
			shellScript = "diff \"${PODS_PODFILE_DIR_PATH}/Podfile.lock\" \"${PODS_ROOT}/Manifest.lock\" > /dev/null\nif [ $? != 0 ] ; then\n    # print error to STDERR\n    echo \"error: The sandbox is not in sync with the Podfile.lock. Run 'pod install' or update your CocoaPods installation.\" >&2\n    exit 1\nfi\n# This output is used by Xcode 'outputs' to avoid re-running this script phase.\necho \"SUCCESS\" > \"${SCRIPT_OUTPUT_FILE_0}\"\n";
			showEnvVarsInLog = 0;
		};
		FDACFC768075EF36AA439687 /* [CP] Embed Pods Frameworks */ = {
			isa = PBXShellScriptBuildPhase;
			buildActionMask = 2147483647;
			files = (
			);
			inputPaths = (
				"${SRCROOT}/Pods/Target Support Files/Pods-MatchesFashionApp/Pods-MatchesFashionApp-frameworks.sh",
				"${BUILT_PRODUCTS_DIR}/Kingfisher/Kingfisher.framework",
				"${BUILT_PRODUCTS_DIR}/RxCocoa/RxCocoa.framework",
				"${BUILT_PRODUCTS_DIR}/RxSwift/RxSwift.framework",
				"${BUILT_PRODUCTS_DIR}/SwiftyJSON/SwiftyJSON.framework",
			);
			name = "[CP] Embed Pods Frameworks";
			outputPaths = (
				"${TARGET_BUILD_DIR}/${FRAMEWORKS_FOLDER_PATH}/Kingfisher.framework",
				"${TARGET_BUILD_DIR}/${FRAMEWORKS_FOLDER_PATH}/RxCocoa.framework",
				"${TARGET_BUILD_DIR}/${FRAMEWORKS_FOLDER_PATH}/RxSwift.framework",
				"${TARGET_BUILD_DIR}/${FRAMEWORKS_FOLDER_PATH}/SwiftyJSON.framework",
			);
			runOnlyForDeploymentPostprocessing = 0;
			shellPath = /bin/sh;
			shellScript = "\"${SRCROOT}/Pods/Target Support Files/Pods-MatchesFashionApp/Pods-MatchesFashionApp-frameworks.sh\"\n";
			showEnvVarsInLog = 0;
		};
/* End PBXShellScriptBuildPhase section */

/* Begin PBXSourcesBuildPhase section */
		B63BF0C8215D553C00BB2554 /* Sources */ = {
			isa = PBXSourcesBuildPhase;
			buildActionMask = 2147483647;
			files = (
				B6AEA7CE215FAE0900E1EF83 /* AppRouter.swift in Sources */,
				B6AEA76E215EBB7900E1EF83 /* HttpStatusCode.swift in Sources */,
				B6AEA795215ECBD700E1EF83 /* Service.swift in Sources */,
				B6AEA7CC215FA39A00E1EF83 /* ExchangeRateService.swift in Sources */,
				B6AEA797215ECD1600E1EF83 /* Remote.swift in Sources */,
				B6AEA7BA215F822700E1EF83 /* ExchangeRateResource.swift in Sources */,
				B6BD055C215FC5B4000059F0 /* UICollectionView+Extension.swift in Sources */,
				B6AEA78F215ECB3800E1EF83 /* Creator.swift in Sources */,
				B6AEA7D0215FB1B200E1EF83 /* ProductRouter.swift in Sources */,
				B6AEA793215ECB3800E1EF83 /* UtilityCreatable.swift in Sources */,
				B6AEA74C215D61E100E1EF83 /* ExchangeRateRequest.swift in Sources */,
				B6AEA7DA215FB7BF00E1EF83 /* ViewModel.swift in Sources */,
				B6AEA741215D5EA600E1EF83 /* Resource.swift in Sources */,
				B6BD0568215FCCE9000059F0 /* CollectionViewDataSource.swift in Sources */,
				B6AEA7DE215FB9F000E1EF83 /* ViewControllerCreatable.swift in Sources */,
				B6BD057F21600AE3000059F0 /* Currency.swift in Sources */,
				B6AEA76D215EBB7900E1EF83 /* HttpMethod.swift in Sources */,
				B6AEA786215ECAD800E1EF83 /* HttpClient.swift in Sources */,
				B6BD0563215FC672000059F0 /* ProductCellRepresentable.swift in Sources */,
				B6AEA759215D68C900E1EF83 /* ProductResource.swift in Sources */,
				B6AEA773215EBB9A00E1EF83 /* ApiError.swift in Sources */,
				B6AEA7AB215ED6EC00E1EF83 /* ProductService.swift in Sources */,
				B6AEA7D3215FB61B00E1EF83 /* ProductsViewController.swift in Sources */,
				B6AEA775215EBBE300E1EF83 /* ApiRequest.swift in Sources */,
				B6AEA761215D8D8500E1EF83 /* ProductsResource.swift in Sources */,
				B6AEA7DC215FB9AC00E1EF83 /* ModelableViewController.swift in Sources */,
				B6AEA792215ECB3800E1EF83 /* ServiceCreatable.swift in Sources */,
				B6AEA7D8215FB78800E1EF83 /* ProductsViewModel.swift in Sources */,
				B6AEA787215ECAD800E1EF83 /* ApiClient.swift in Sources */,
				B6AEA76C215EBB7900E1EF83 /* HttpResponse.swift in Sources */,
				B6AEA76F215EBB7900E1EF83 /* ApiResponse.swift in Sources */,
				B6BD0557215FC42E000059F0 /* ProductCell.swift in Sources */,
				B6AEA77E215EC98700E1EF83 /* ProductsRequest.swift in Sources */,
				B6BD058121602F80000059F0 /* CurrencyExchangeRateResource.swift in Sources */,
				B6AEA791215ECB3800E1EF83 /* RouterCreatable.swift in Sources */,
				B6AEA799215ECD7A00E1EF83 /* Router.swift in Sources */,
				B6AEA78E215ECB3800E1EF83 /* Creatable.swift in Sources */,
				B63BF0D0215D553C00BB2554 /* AppDelegate.swift in Sources */,
				B6BD0561215FC5C8000059F0 /* CollectionViewCell.swift in Sources */,
				B6BD055D215FC5B4000059F0 /* Reactive+Extension.swift in Sources */,
				B6AEA75B215D708F00E1EF83 /* PriceResource.swift in Sources */,
				B6BD0560215FC5C8000059F0 /* CollectionViewItem.swift in Sources */,
			);
			runOnlyForDeploymentPostprocessing = 0;
		};
		B63BF0DC215D553E00BB2554 /* Sources */ = {
			isa = PBXSourcesBuildPhase;
			buildActionMask = 2147483647;
			files = (
				B63BF0E5215D553E00BB2554 /* ProductResourceSpec.swift in Sources */,
				B6AEA77B215EC7E000E1EF83 /* ProductsRequest.swift in Sources */,
				B6AEA7A4215ED4C500E1EF83 /* ProductsHttpMocker.swift in Sources */,
				B6AEA753215D671E00E1EF83 /* FileHelper.swift in Sources */,
				B6AEA7C9215FA1AF00E1EF83 /* ExchangeRateServiceTests.swift in Sources */,
				B6AEA79C215ED06B00E1EF83 /* ApiRequestTests.swift in Sources */,
				B6BD0571215FF29F000059F0 /* NibCreator.swift in Sources */,
				B6BD056B215FEEBF000059F0 /* MockCreator.swift in Sources */,
				B6AEA7C6215FA12F00E1EF83 /* Scenario.swift in Sources */,
				B6BD0579215FFD1E000059F0 /* ProductCellTests.swift in Sources */,
				B6AEA757215D676000E1EF83 /* ProductMother.swift in Sources */,
				B6AEA7A1215ED0F400E1EF83 /* Constants.swift in Sources */,
				B6BD056D215FF01A000059F0 /* MockProductService.swift in Sources */,
				B6AEA7C0215FA09700E1EF83 /* ExchangeRateHttpMocker.swift in Sources */,
				B6AEA7E2215FC12100E1EF83 /* MatchesFashionAppRouterTests.swift in Sources */,
				B6AEA7B7215F77BE00E1EF83 /* ExchangeRateResourceSpecs.swift in Sources */,
				B6BD056F215FF0C8000059F0 /* MockExchangeRateService.swift in Sources */,
				B6AEA765215D8EB600E1EF83 /* ProductsResourceSpec.swift in Sources */,
				B6AEA782215ECA6700E1EF83 /* ApiResponseTests.swift in Sources */,
				B6AEA7BB215F827D00E1EF83 /* ExchangeRateMother.swift in Sources */,
				B6AEA7A9215ED60700E1EF83 /* ProductServiceTests.swift in Sources */,
				B6AEA754215D671E00E1EF83 /* RxCollector.swift in Sources */,
				B6BD057C215FFEC9000059F0 /* ProductsViewControllerTests.swift in Sources */,
				B6AEA779215EBF8700E1EF83 /* HttpResponseMother.swift in Sources */,
				B6BD0574215FF2E1000059F0 /* ProductViewModelTests.swift in Sources */,
				B6AEA7B9215F781A00E1EF83 /* ExchangeRateRequestTests.swift in Sources */,
			);
			runOnlyForDeploymentPostprocessing = 0;
		};
/* End PBXSourcesBuildPhase section */

/* Begin PBXTargetDependency section */
		B63BF0E2215D553E00BB2554 /* PBXTargetDependency */ = {
			isa = PBXTargetDependency;
			target = B63BF0CB215D553C00BB2554 /* MatchesFashionApp */;
			targetProxy = B63BF0E1215D553E00BB2554 /* PBXContainerItemProxy */;
		};
/* End PBXTargetDependency section */

/* Begin PBXVariantGroup section */
		B63BF0D8215D553E00BB2554 /* LaunchScreen.storyboard */ = {
			isa = PBXVariantGroup;
			children = (
				B63BF0D9215D553E00BB2554 /* Base */,
			);
			name = LaunchScreen.storyboard;
			sourceTree = "<group>";
		};
/* End PBXVariantGroup section */

/* Begin XCBuildConfiguration section */
		B63BF0E7215D553E00BB2554 /* Debug */ = {
			isa = XCBuildConfiguration;
			buildSettings = {
				ALWAYS_SEARCH_USER_PATHS = NO;
				CLANG_ANALYZER_NONNULL = YES;
				CLANG_ANALYZER_NUMBER_OBJECT_CONVERSION = YES_AGGRESSIVE;
				CLANG_CXX_LANGUAGE_STANDARD = "gnu++14";
				CLANG_CXX_LIBRARY = "libc++";
				CLANG_ENABLE_MODULES = YES;
				CLANG_ENABLE_OBJC_ARC = YES;
				CLANG_ENABLE_OBJC_WEAK = YES;
				CLANG_WARN_BLOCK_CAPTURE_AUTORELEASING = YES;
				CLANG_WARN_BOOL_CONVERSION = YES;
				CLANG_WARN_COMMA = YES;
				CLANG_WARN_CONSTANT_CONVERSION = YES;
				CLANG_WARN_DEPRECATED_OBJC_IMPLEMENTATIONS = YES;
				CLANG_WARN_DIRECT_OBJC_ISA_USAGE = YES_ERROR;
				CLANG_WARN_DOCUMENTATION_COMMENTS = YES;
				CLANG_WARN_EMPTY_BODY = YES;
				CLANG_WARN_ENUM_CONVERSION = YES;
				CLANG_WARN_INFINITE_RECURSION = YES;
				CLANG_WARN_INT_CONVERSION = YES;
				CLANG_WARN_NON_LITERAL_NULL_CONVERSION = YES;
				CLANG_WARN_OBJC_IMPLICIT_RETAIN_SELF = YES;
				CLANG_WARN_OBJC_LITERAL_CONVERSION = YES;
				CLANG_WARN_OBJC_ROOT_CLASS = YES_ERROR;
				CLANG_WARN_RANGE_LOOP_ANALYSIS = YES;
				CLANG_WARN_STRICT_PROTOTYPES = YES;
				CLANG_WARN_SUSPICIOUS_MOVE = YES;
				CLANG_WARN_UNGUARDED_AVAILABILITY = YES_AGGRESSIVE;
				CLANG_WARN_UNREACHABLE_CODE = YES;
				CLANG_WARN__DUPLICATE_METHOD_MATCH = YES;
				CODE_SIGN_IDENTITY = "iPhone Developer";
				COPY_PHASE_STRIP = NO;
				DEBUG_INFORMATION_FORMAT = dwarf;
				ENABLE_STRICT_OBJC_MSGSEND = YES;
				ENABLE_TESTABILITY = YES;
				GCC_C_LANGUAGE_STANDARD = gnu11;
				GCC_DYNAMIC_NO_PIC = NO;
				GCC_NO_COMMON_BLOCKS = YES;
				GCC_OPTIMIZATION_LEVEL = 0;
				GCC_PREPROCESSOR_DEFINITIONS = (
					"DEBUG=1",
					"$(inherited)",
				);
				GCC_WARN_64_TO_32_BIT_CONVERSION = YES;
				GCC_WARN_ABOUT_RETURN_TYPE = YES_ERROR;
				GCC_WARN_UNDECLARED_SELECTOR = YES;
				GCC_WARN_UNINITIALIZED_AUTOS = YES_AGGRESSIVE;
				GCC_WARN_UNUSED_FUNCTION = YES;
				GCC_WARN_UNUSED_VARIABLE = YES;
				IPHONEOS_DEPLOYMENT_TARGET = 12.0;
				MTL_ENABLE_DEBUG_INFO = INCLUDE_SOURCE;
				MTL_FAST_MATH = YES;
				ONLY_ACTIVE_ARCH = YES;
				SDKROOT = iphoneos;
				SWIFT_ACTIVE_COMPILATION_CONDITIONS = DEBUG;
				SWIFT_OPTIMIZATION_LEVEL = "-Onone";
			};
			name = Debug;
		};
		B63BF0E8215D553E00BB2554 /* Release */ = {
			isa = XCBuildConfiguration;
			buildSettings = {
				ALWAYS_SEARCH_USER_PATHS = NO;
				CLANG_ANALYZER_NONNULL = YES;
				CLANG_ANALYZER_NUMBER_OBJECT_CONVERSION = YES_AGGRESSIVE;
				CLANG_CXX_LANGUAGE_STANDARD = "gnu++14";
				CLANG_CXX_LIBRARY = "libc++";
				CLANG_ENABLE_MODULES = YES;
				CLANG_ENABLE_OBJC_ARC = YES;
				CLANG_ENABLE_OBJC_WEAK = YES;
				CLANG_WARN_BLOCK_CAPTURE_AUTORELEASING = YES;
				CLANG_WARN_BOOL_CONVERSION = YES;
				CLANG_WARN_COMMA = YES;
				CLANG_WARN_CONSTANT_CONVERSION = YES;
				CLANG_WARN_DEPRECATED_OBJC_IMPLEMENTATIONS = YES;
				CLANG_WARN_DIRECT_OBJC_ISA_USAGE = YES_ERROR;
				CLANG_WARN_DOCUMENTATION_COMMENTS = YES;
				CLANG_WARN_EMPTY_BODY = YES;
				CLANG_WARN_ENUM_CONVERSION = YES;
				CLANG_WARN_INFINITE_RECURSION = YES;
				CLANG_WARN_INT_CONVERSION = YES;
				CLANG_WARN_NON_LITERAL_NULL_CONVERSION = YES;
				CLANG_WARN_OBJC_IMPLICIT_RETAIN_SELF = YES;
				CLANG_WARN_OBJC_LITERAL_CONVERSION = YES;
				CLANG_WARN_OBJC_ROOT_CLASS = YES_ERROR;
				CLANG_WARN_RANGE_LOOP_ANALYSIS = YES;
				CLANG_WARN_STRICT_PROTOTYPES = YES;
				CLANG_WARN_SUSPICIOUS_MOVE = YES;
				CLANG_WARN_UNGUARDED_AVAILABILITY = YES_AGGRESSIVE;
				CLANG_WARN_UNREACHABLE_CODE = YES;
				CLANG_WARN__DUPLICATE_METHOD_MATCH = YES;
				CODE_SIGN_IDENTITY = "iPhone Developer";
				COPY_PHASE_STRIP = NO;
				DEBUG_INFORMATION_FORMAT = "dwarf-with-dsym";
				ENABLE_NS_ASSERTIONS = NO;
				ENABLE_STRICT_OBJC_MSGSEND = YES;
				GCC_C_LANGUAGE_STANDARD = gnu11;
				GCC_NO_COMMON_BLOCKS = YES;
				GCC_WARN_64_TO_32_BIT_CONVERSION = YES;
				GCC_WARN_ABOUT_RETURN_TYPE = YES_ERROR;
				GCC_WARN_UNDECLARED_SELECTOR = YES;
				GCC_WARN_UNINITIALIZED_AUTOS = YES_AGGRESSIVE;
				GCC_WARN_UNUSED_FUNCTION = YES;
				GCC_WARN_UNUSED_VARIABLE = YES;
				IPHONEOS_DEPLOYMENT_TARGET = 12.0;
				MTL_ENABLE_DEBUG_INFO = NO;
				MTL_FAST_MATH = YES;
				SDKROOT = iphoneos;
				SWIFT_COMPILATION_MODE = wholemodule;
				SWIFT_OPTIMIZATION_LEVEL = "-O";
				VALIDATE_PRODUCT = YES;
			};
			name = Release;
		};
		B63BF0EA215D553E00BB2554 /* Debug */ = {
			isa = XCBuildConfiguration;
			baseConfigurationReference = 765A85DE111867D3D0D9AEC8 /* Pods-MatchesFashionApp.debug.xcconfig */;
			buildSettings = {
				ALWAYS_EMBED_SWIFT_STANDARD_LIBRARIES = "$(inherited)";
				ASSETCATALOG_COMPILER_APPICON_NAME = AppIcon;
				CODE_SIGN_STYLE = Automatic;
				DEVELOPMENT_TEAM = BDD95TS3QC;
				INFOPLIST_FILE = "$(SRCROOT)/MatchesFashionApp/SupportFiles/Info.plist";
				IPHONEOS_DEPLOYMENT_TARGET = 10.0;
				LD_RUNPATH_SEARCH_PATHS = (
					"$(inherited)",
					"@executable_path/Frameworks",
				);
				PRODUCT_BUNDLE_IDENTIFIER = com.matchesfashion.ios.matchesfashionapp;
				PRODUCT_NAME = "$(TARGET_NAME)";
				SWIFT_VERSION = 4.2;
				TARGETED_DEVICE_FAMILY = 1;
			};
			name = Debug;
		};
		B63BF0EB215D553E00BB2554 /* Release */ = {
			isa = XCBuildConfiguration;
			baseConfigurationReference = 7BB2350742643AAC307A7C73 /* Pods-MatchesFashionApp.release.xcconfig */;
			buildSettings = {
				ALWAYS_EMBED_SWIFT_STANDARD_LIBRARIES = "$(inherited)";
				ASSETCATALOG_COMPILER_APPICON_NAME = AppIcon;
				CODE_SIGN_STYLE = Automatic;
				DEVELOPMENT_TEAM = BDD95TS3QC;
				INFOPLIST_FILE = "$(SRCROOT)/MatchesFashionApp/SupportFiles/Info.plist";
				IPHONEOS_DEPLOYMENT_TARGET = 10.0;
				LD_RUNPATH_SEARCH_PATHS = (
					"$(inherited)",
					"@executable_path/Frameworks",
				);
				PRODUCT_BUNDLE_IDENTIFIER = com.matchesfashion.ios.matchesfashionapp;
				PRODUCT_NAME = "$(TARGET_NAME)";
				SWIFT_VERSION = 4.2;
				TARGETED_DEVICE_FAMILY = 1;
			};
			name = Release;
		};
		B63BF0ED215D553E00BB2554 /* Debug */ = {
			isa = XCBuildConfiguration;
			baseConfigurationReference = 5F76022E12D9DDD9A87AA144 /* Pods-MatchesFashionAppTests.debug.xcconfig */;
			buildSettings = {
				ALWAYS_EMBED_SWIFT_STANDARD_LIBRARIES = "$(inherited)";
				BUNDLE_LOADER = "$(TEST_HOST)";
				CODE_SIGN_STYLE = Automatic;
				DEVELOPMENT_TEAM = BDD95TS3QC;
				INFOPLIST_FILE = MatchesFashionAppTests/Info.plist;
				LD_RUNPATH_SEARCH_PATHS = (
					"$(inherited)",
					"@executable_path/Frameworks",
					"@loader_path/Frameworks",
				);
				PRODUCT_BUNDLE_IDENTIFIER = com.matchesfashion.ios.MatchesFashionAppTests;
				PRODUCT_NAME = "$(TARGET_NAME)";
				SWIFT_VERSION = 4.2;
				TARGETED_DEVICE_FAMILY = "1,2";
				TEST_HOST = "$(BUILT_PRODUCTS_DIR)/MatchesFashionApp.app/MatchesFashionApp";
			};
			name = Debug;
		};
		B63BF0EE215D553E00BB2554 /* Release */ = {
			isa = XCBuildConfiguration;
			baseConfigurationReference = 69EDCFCC94554ADD322C5D3D /* Pods-MatchesFashionAppTests.release.xcconfig */;
			buildSettings = {
				ALWAYS_EMBED_SWIFT_STANDARD_LIBRARIES = "$(inherited)";
				BUNDLE_LOADER = "$(TEST_HOST)";
				CODE_SIGN_STYLE = Automatic;
				DEVELOPMENT_TEAM = BDD95TS3QC;
				INFOPLIST_FILE = MatchesFashionAppTests/Info.plist;
				LD_RUNPATH_SEARCH_PATHS = (
					"$(inherited)",
					"@executable_path/Frameworks",
					"@loader_path/Frameworks",
				);
				PRODUCT_BUNDLE_IDENTIFIER = com.matchesfashion.ios.MatchesFashionAppTests;
				PRODUCT_NAME = "$(TARGET_NAME)";
				SWIFT_VERSION = 4.2;
				TARGETED_DEVICE_FAMILY = "1,2";
				TEST_HOST = "$(BUILT_PRODUCTS_DIR)/MatchesFashionApp.app/MatchesFashionApp";
			};
			name = Release;
		};
/* End XCBuildConfiguration section */

/* Begin XCConfigurationList section */
		B63BF0C7215D553C00BB2554 /* Build configuration list for PBXProject "MatchesFashionApp" */ = {
			isa = XCConfigurationList;
			buildConfigurations = (
				B63BF0E7215D553E00BB2554 /* Debug */,
				B63BF0E8215D553E00BB2554 /* Release */,
			);
			defaultConfigurationIsVisible = 0;
			defaultConfigurationName = Release;
		};
		B63BF0E9215D553E00BB2554 /* Build configuration list for PBXNativeTarget "MatchesFashionApp" */ = {
			isa = XCConfigurationList;
			buildConfigurations = (
				B63BF0EA215D553E00BB2554 /* Debug */,
				B63BF0EB215D553E00BB2554 /* Release */,
			);
			defaultConfigurationIsVisible = 0;
			defaultConfigurationName = Release;
		};
		B63BF0EC215D553E00BB2554 /* Build configuration list for PBXNativeTarget "MatchesFashionAppTests" */ = {
			isa = XCConfigurationList;
			buildConfigurations = (
				B63BF0ED215D553E00BB2554 /* Debug */,
				B63BF0EE215D553E00BB2554 /* Release */,
			);
			defaultConfigurationIsVisible = 0;
			defaultConfigurationName = Release;
		};
/* End XCConfigurationList section */
	};
	rootObject = B63BF0C4215D553C00BB2554 /* Project object */;
}
