// !$*UTF8*$!
{
	archiveVersion = 1;
	classes = {
	};
	objectVersion = 50;
	objects = {

/* Begin PBXBuildFile section */
		9A2C77BB13AED87E53564470 /* Pods_ModularAppTests.framework in Frameworks */ = {isa = PBXBuildFile; fileRef = 88C8E247E4E70898DF2E52F0 /* Pods_ModularAppTests.framework */; };
		B63BF0D0215D553C00BB2554 /* AppDelegate.swift in Sources */ = {isa = PBXBuildFile; fileRef = B63BF0CF215D553C00BB2554 /* AppDelegate.swift */; };
		B63BF0D7215D553E00BB2554 /* Assets.xcassets in Resources */ = {isa = PBXBuildFile; fileRef = B63BF0D6215D553E00BB2554 /* Assets.xcassets */; };
		B63BF0DA215D553E00BB2554 /* LaunchScreen.storyboard in Resources */ = {isa = PBXBuildFile; fileRef = B63BF0D8215D553E00BB2554 /* LaunchScreen.storyboard */; };
		B64415FF218F431D00C69174 /* Commons.framework in Frameworks */ = {isa = PBXBuildFile; fileRef = B64415FE218F431D00C69174 /* Commons.framework */; };
		B6441600218F431D00C69174 /* Commons.framework in Embed Frameworks */ = {isa = PBXBuildFile; fileRef = B64415FE218F431D00C69174 /* Commons.framework */; settings = {ATTRIBUTES = (CodeSignOnCopy, RemoveHeadersOnCopy, ); }; };
		B656A9C7218F60FE00080F40 /* Product.framework in Frameworks */ = {isa = PBXBuildFile; fileRef = B656A9C6218F60FE00080F40 /* Product.framework */; };
		B656A9C8218F60FE00080F40 /* Product.framework in Embed Frameworks */ = {isa = PBXBuildFile; fileRef = B656A9C6218F60FE00080F40 /* Product.framework */; settings = {ATTRIBUTES = (CodeSignOnCopy, RemoveHeadersOnCopy, ); }; };
		B656A9CA218F60FE00080F40 /* ExchangeRate.framework in Frameworks */ = {isa = PBXBuildFile; fileRef = B656A9C9218F60FE00080F40 /* ExchangeRate.framework */; };
		B656A9CB218F60FE00080F40 /* ExchangeRate.framework in Embed Frameworks */ = {isa = PBXBuildFile; fileRef = B656A9C9218F60FE00080F40 /* ExchangeRate.framework */; settings = {ATTRIBUTES = (CodeSignOnCopy, RemoveHeadersOnCopy, ); }; };
		B6AEA7CE215FAE0900E1EF83 /* AppRouter.swift in Sources */ = {isa = PBXBuildFile; fileRef = B6AEA7CD215FAE0900E1EF83 /* AppRouter.swift */; };
		B6AEA7E2215FC12100E1EF83 /* MatchesFashionAppRouterTests.swift in Sources */ = {isa = PBXBuildFile; fileRef = B6AEA7E1215FC12100E1EF83 /* MatchesFashionAppRouterTests.swift */; };
		E120BFA0F06EE759586A3FB3 /* Pods_ModularApp.framework in Frameworks */ = {isa = PBXBuildFile; fileRef = 08A92783B5DD4457C396EF7E /* Pods_ModularApp.framework */; };
/* End PBXBuildFile section */

/* Begin PBXContainerItemProxy section */
		B63BF0E1215D553E00BB2554 /* PBXContainerItemProxy */ = {
			isa = PBXContainerItemProxy;
			containerPortal = B63BF0C4215D553C00BB2554 /* Project object */;
			proxyType = 1;
			remoteGlobalIDString = B63BF0CB215D553C00BB2554;
			remoteInfo = MatchesFashionApp;
		};
/* End PBXContainerItemProxy section */

/* Begin PBXCopyFilesBuildPhase section */
		B6441601218F431E00C69174 /* Embed Frameworks */ = {
			isa = PBXCopyFilesBuildPhase;
			buildActionMask = 2147483647;
			dstPath = "";
			dstSubfolderSpec = 10;
			files = (
				B656A9C8218F60FE00080F40 /* Product.framework in Embed Frameworks */,
				B656A9CB218F60FE00080F40 /* ExchangeRate.framework in Embed Frameworks */,
				B6441600218F431D00C69174 /* Commons.framework in Embed Frameworks */,
			);
			name = "Embed Frameworks";
			runOnlyForDeploymentPostprocessing = 0;
		};
/* End PBXCopyFilesBuildPhase section */

/* Begin PBXFileReference section */
		08A92783B5DD4457C396EF7E /* Pods_ModularApp.framework */ = {isa = PBXFileReference; explicitFileType = wrapper.framework; includeInIndex = 0; path = Pods_ModularApp.framework; sourceTree = BUILT_PRODUCTS_DIR; };
		2A724B9700B45B5A641833F4 /* Pods-ModularAppTests.debug.xcconfig */ = {isa = PBXFileReference; includeInIndex = 1; lastKnownFileType = text.xcconfig; name = "Pods-ModularAppTests.debug.xcconfig"; path = "Pods/Target Support Files/Pods-ModularAppTests/Pods-ModularAppTests.debug.xcconfig"; sourceTree = "<group>"; };
		85731F7E5B60C81754FE61C4 /* Pods-ModularApp.debug.xcconfig */ = {isa = PBXFileReference; includeInIndex = 1; lastKnownFileType = text.xcconfig; name = "Pods-ModularApp.debug.xcconfig"; path = "Pods/Target Support Files/Pods-ModularApp/Pods-ModularApp.debug.xcconfig"; sourceTree = "<group>"; };
		88C8E247E4E70898DF2E52F0 /* Pods_ModularAppTests.framework */ = {isa = PBXFileReference; explicitFileType = wrapper.framework; includeInIndex = 0; path = Pods_ModularAppTests.framework; sourceTree = BUILT_PRODUCTS_DIR; };
		A80AD6DA81C937B8413E955A /* Pods-ModularApp.release.xcconfig */ = {isa = PBXFileReference; includeInIndex = 1; lastKnownFileType = text.xcconfig; name = "Pods-ModularApp.release.xcconfig"; path = "Pods/Target Support Files/Pods-ModularApp/Pods-ModularApp.release.xcconfig"; sourceTree = "<group>"; };
		B63BF0CC215D553C00BB2554 /* ModularApp.app */ = {isa = PBXFileReference; explicitFileType = wrapper.application; includeInIndex = 0; path = ModularApp.app; sourceTree = BUILT_PRODUCTS_DIR; };
		B63BF0CF215D553C00BB2554 /* AppDelegate.swift */ = {isa = PBXFileReference; lastKnownFileType = sourcecode.swift; path = AppDelegate.swift; sourceTree = "<group>"; };
		B63BF0D6215D553E00BB2554 /* Assets.xcassets */ = {isa = PBXFileReference; lastKnownFileType = folder.assetcatalog; path = Assets.xcassets; sourceTree = "<group>"; };
		B63BF0D9215D553E00BB2554 /* Base */ = {isa = PBXFileReference; lastKnownFileType = file.storyboard; name = Base; path = Base.lproj/LaunchScreen.storyboard; sourceTree = "<group>"; };
		B63BF0DB215D553E00BB2554 /* Info.plist */ = {isa = PBXFileReference; lastKnownFileType = text.plist.xml; path = Info.plist; sourceTree = "<group>"; };
		B63BF0E0215D553E00BB2554 /* ModularAppTests.xctest */ = {isa = PBXFileReference; explicitFileType = wrapper.cfbundle; includeInIndex = 0; path = ModularAppTests.xctest; sourceTree = BUILT_PRODUCTS_DIR; };
		B63BF0E6215D553E00BB2554 /* Info.plist */ = {isa = PBXFileReference; lastKnownFileType = text.plist.xml; path = Info.plist; sourceTree = "<group>"; };
		B64415FE218F431D00C69174 /* Commons.framework */ = {isa = PBXFileReference; explicitFileType = wrapper.framework; path = Commons.framework; sourceTree = BUILT_PRODUCTS_DIR; };
		B656A9C6218F60FE00080F40 /* Product.framework */ = {isa = PBXFileReference; explicitFileType = wrapper.framework; path = Product.framework; sourceTree = BUILT_PRODUCTS_DIR; };
		B656A9C9218F60FE00080F40 /* ExchangeRate.framework */ = {isa = PBXFileReference; explicitFileType = wrapper.framework; path = ExchangeRate.framework; sourceTree = BUILT_PRODUCTS_DIR; };
		B6AEA7CD215FAE0900E1EF83 /* AppRouter.swift */ = {isa = PBXFileReference; lastKnownFileType = sourcecode.swift; path = AppRouter.swift; sourceTree = "<group>"; };
		B6AEA7E1215FC12100E1EF83 /* MatchesFashionAppRouterTests.swift */ = {isa = PBXFileReference; lastKnownFileType = sourcecode.swift; path = MatchesFashionAppRouterTests.swift; sourceTree = "<group>"; };
		ED519FCEF0FFEBE13444B8C7 /* Pods-ModularAppTests.release.xcconfig */ = {isa = PBXFileReference; includeInIndex = 1; lastKnownFileType = text.xcconfig; name = "Pods-ModularAppTests.release.xcconfig"; path = "Pods/Target Support Files/Pods-ModularAppTests/Pods-ModularAppTests.release.xcconfig"; sourceTree = "<group>"; };
/* End PBXFileReference section */

/* Begin PBXFrameworksBuildPhase section */
		B63BF0C9215D553C00BB2554 /* Frameworks */ = {
			isa = PBXFrameworksBuildPhase;
			buildActionMask = 2147483647;
			files = (
				B64415FF218F431D00C69174 /* Commons.framework in Frameworks */,
				B656A9CA218F60FE00080F40 /* ExchangeRate.framework in Frameworks */,
				B656A9C7218F60FE00080F40 /* Product.framework in Frameworks */,
				E120BFA0F06EE759586A3FB3 /* Pods_ModularApp.framework in Frameworks */,
			);
			runOnlyForDeploymentPostprocessing = 0;
		};
		B63BF0DD215D553E00BB2554 /* Frameworks */ = {
			isa = PBXFrameworksBuildPhase;
			buildActionMask = 2147483647;
			files = (
				9A2C77BB13AED87E53564470 /* Pods_ModularAppTests.framework in Frameworks */,
			);
			runOnlyForDeploymentPostprocessing = 0;
		};
/* End PBXFrameworksBuildPhase section */

/* Begin PBXGroup section */
		3BA4581C9BD713CAC3B4F322 /* Frameworks */ = {
			isa = PBXGroup;
			children = (
				08A92783B5DD4457C396EF7E /* Pods_ModularApp.framework */,
				88C8E247E4E70898DF2E52F0 /* Pods_ModularAppTests.framework */,
			);
			name = Frameworks;
			sourceTree = "<group>";
		};
		B63BF0C3215D553C00BB2554 = {
			isa = PBXGroup;
			children = (
				B656A9C9218F60FE00080F40 /* ExchangeRate.framework */,
				B656A9C6218F60FE00080F40 /* Product.framework */,
				B64415FE218F431D00C69174 /* Commons.framework */,
				B63BF0CE215D553C00BB2554 /* ModularApp */,
				B63BF0E3215D553E00BB2554 /* ModularAppTests */,
				B63BF0CD215D553C00BB2554 /* Products */,
				ED6A828B5789FF6E7C649646 /* Pods */,
				3BA4581C9BD713CAC3B4F322 /* Frameworks */,
			);
			sourceTree = "<group>";
		};
		B63BF0CD215D553C00BB2554 /* Products */ = {
			isa = PBXGroup;
			children = (
				B63BF0CC215D553C00BB2554 /* ModularApp.app */,
				B63BF0E0215D553E00BB2554 /* ModularAppTests.xctest */,
			);
			name = Products;
			sourceTree = "<group>";
		};
		B63BF0CE215D553C00BB2554 /* ModularApp */ = {
			isa = PBXGroup;
			children = (
				B6AEA73F215D5D6400E1EF83 /* App */,
				B6AEA73E215D5D4800E1EF83 /* SupportFiles */,
			);
			path = ModularApp;
			sourceTree = "<group>";
		};
		B63BF0E3215D553E00BB2554 /* ModularAppTests */ = {
			isa = PBXGroup;
			children = (
				B6AEA7DF215FC10100E1EF83 /* App */,
				B63BF0E6215D553E00BB2554 /* Info.plist */,
			);
			path = ModularAppTests;
			sourceTree = "<group>";
		};
		B6AEA73E215D5D4800E1EF83 /* SupportFiles */ = {
			isa = PBXGroup;
			children = (
				B63BF0D6215D553E00BB2554 /* Assets.xcassets */,
				B63BF0D8215D553E00BB2554 /* LaunchScreen.storyboard */,
				B63BF0DB215D553E00BB2554 /* Info.plist */,
			);
			path = SupportFiles;
			sourceTree = "<group>";
		};
		B6AEA73F215D5D6400E1EF83 /* App */ = {
			isa = PBXGroup;
			children = (
				B63BF0CF215D553C00BB2554 /* AppDelegate.swift */,
				B6BD057E216004B8000059F0 /* router */,
			);
			path = App;
			sourceTree = "<group>";
		};
		B6AEA7DF215FC10100E1EF83 /* App */ = {
			isa = PBXGroup;
			children = (
				B6AEA7E0215FC10C00E1EF83 /* router */,
			);
			path = App;
			sourceTree = "<group>";
		};
		B6AEA7E0215FC10C00E1EF83 /* router */ = {
			isa = PBXGroup;
			children = (
				B6AEA7E1215FC12100E1EF83 /* MatchesFashionAppRouterTests.swift */,
			);
			path = router;
			sourceTree = "<group>";
		};
		B6BD057E216004B8000059F0 /* router */ = {
			isa = PBXGroup;
			children = (
				B6AEA7CD215FAE0900E1EF83 /* AppRouter.swift */,
			);
			path = router;
			sourceTree = "<group>";
		};
		ED6A828B5789FF6E7C649646 /* Pods */ = {
			isa = PBXGroup;
			children = (
				85731F7E5B60C81754FE61C4 /* Pods-ModularApp.debug.xcconfig */,
				A80AD6DA81C937B8413E955A /* Pods-ModularApp.release.xcconfig */,
				2A724B9700B45B5A641833F4 /* Pods-ModularAppTests.debug.xcconfig */,
				ED519FCEF0FFEBE13444B8C7 /* Pods-ModularAppTests.release.xcconfig */,
			);
			name = Pods;
			sourceTree = "<group>";
		};
/* End PBXGroup section */

/* Begin PBXNativeTarget section */
		B63BF0CB215D553C00BB2554 /* ModularApp */ = {
			isa = PBXNativeTarget;
			buildConfigurationList = B63BF0E9215D553E00BB2554 /* Build configuration list for PBXNativeTarget "ModularApp" */;
			buildPhases = (
				12F1E07CCA7141FE1B2CB22D /* [CP] Check Pods Manifest.lock */,
				B63BF0C8215D553C00BB2554 /* Sources */,
				B63BF0C9215D553C00BB2554 /* Frameworks */,
				B63BF0CA215D553C00BB2554 /* Resources */,
				B6441601218F431E00C69174 /* Embed Frameworks */,
				F6F0B752528956B070B5BB41 /* [CP] Embed Pods Frameworks */,
			);
			buildRules = (
			);
			dependencies = (
			);
			name = ModularApp;
			productName = MatchesFashionApp;
			productReference = B63BF0CC215D553C00BB2554 /* ModularApp.app */;
			productType = "com.apple.product-type.application";
		};
		B63BF0DF215D553E00BB2554 /* ModularAppTests */ = {
			isa = PBXNativeTarget;
			buildConfigurationList = B63BF0EC215D553E00BB2554 /* Build configuration list for PBXNativeTarget "ModularAppTests" */;
			buildPhases = (
				8A6BD446665D66C75969CF43 /* [CP] Check Pods Manifest.lock */,
				B63BF0DC215D553E00BB2554 /* Sources */,
				B63BF0DD215D553E00BB2554 /* Frameworks */,
				B63BF0DE215D553E00BB2554 /* Resources */,
				9387FB01A495D09D1400C234 /* [CP] Embed Pods Frameworks */,
			);
			buildRules = (
			);
			dependencies = (
				B63BF0E2215D553E00BB2554 /* PBXTargetDependency */,
			);
			name = ModularAppTests;
			productName = MatchesFashionAppTests;
			productReference = B63BF0E0215D553E00BB2554 /* ModularAppTests.xctest */;
			productType = "com.apple.product-type.bundle.unit-test";
		};
/* End PBXNativeTarget section */

/* Begin PBXProject section */
		B63BF0C4215D553C00BB2554 /* Project object */ = {
			isa = PBXProject;
			attributes = {
				LastSwiftUpdateCheck = 1000;
				LastUpgradeCheck = 1000;
				ORGANIZATIONNAME = MatchesFashion;
				TargetAttributes = {
					B63BF0CB215D553C00BB2554 = {
						CreatedOnToolsVersion = 10.0;
					};
					B63BF0DF215D553E00BB2554 = {
						CreatedOnToolsVersion = 10.0;
						TestTargetID = B63BF0CB215D553C00BB2554;
					};
				};
			};
			buildConfigurationList = B63BF0C7215D553C00BB2554 /* Build configuration list for PBXProject "ModularApp" */;
			compatibilityVersion = "Xcode 9.3";
			developmentRegion = en;
			hasScannedForEncodings = 0;
			knownRegions = (
				en,
				Base,
			);
			mainGroup = B63BF0C3215D553C00BB2554;
			productRefGroup = B63BF0CD215D553C00BB2554 /* Products */;
			projectDirPath = "";
			projectRoot = "";
			targets = (
				B63BF0CB215D553C00BB2554 /* ModularApp */,
				B63BF0DF215D553E00BB2554 /* ModularAppTests */,
			);
		};
/* End PBXProject section */

/* Begin PBXResourcesBuildPhase section */
		B63BF0CA215D553C00BB2554 /* Resources */ = {
			isa = PBXResourcesBuildPhase;
			buildActionMask = 2147483647;
			files = (
				B63BF0DA215D553E00BB2554 /* LaunchScreen.storyboard in Resources */,
				B63BF0D7215D553E00BB2554 /* Assets.xcassets in Resources */,
			);
			runOnlyForDeploymentPostprocessing = 0;
		};
		B63BF0DE215D553E00BB2554 /* Resources */ = {
			isa = PBXResourcesBuildPhase;
			buildActionMask = 2147483647;
			files = (
			);
			runOnlyForDeploymentPostprocessing = 0;
		};
/* End PBXResourcesBuildPhase section */

/* Begin PBXShellScriptBuildPhase section */
		12F1E07CCA7141FE1B2CB22D /* [CP] Check Pods Manifest.lock */ = {
			isa = PBXShellScriptBuildPhase;
			buildActionMask = 2147483647;
			files = (
			);
			inputFileListPaths = (
			);
			inputPaths = (
				"${PODS_PODFILE_DIR_PATH}/Podfile.lock",
				"${PODS_ROOT}/Manifest.lock",
			);
			name = "[CP] Check Pods Manifest.lock";
			outputFileListPaths = (
			);
			outputPaths = (
				"$(DERIVED_FILE_DIR)/Pods-ModularApp-checkManifestLockResult.txt",
			);
			runOnlyForDeploymentPostprocessing = 0;
			shellPath = /bin/sh;
			shellScript = "diff \"${PODS_PODFILE_DIR_PATH}/Podfile.lock\" \"${PODS_ROOT}/Manifest.lock\" > /dev/null\nif [ $? != 0 ] ; then\n    # print error to STDERR\n    echo \"error: The sandbox is not in sync with the Podfile.lock. Run 'pod install' or update your CocoaPods installation.\" >&2\n    exit 1\nfi\n# This output is used by Xcode 'outputs' to avoid re-running this script phase.\necho \"SUCCESS\" > \"${SCRIPT_OUTPUT_FILE_0}\"\n";
			showEnvVarsInLog = 0;
		};
		8A6BD446665D66C75969CF43 /* [CP] Check Pods Manifest.lock */ = {
			isa = PBXShellScriptBuildPhase;
			buildActionMask = 2147483647;
			files = (
			);
			inputFileListPaths = (
			);
			inputPaths = (
				"${PODS_PODFILE_DIR_PATH}/Podfile.lock",
				"${PODS_ROOT}/Manifest.lock",
			);
			name = "[CP] Check Pods Manifest.lock";
			outputFileListPaths = (
			);
			outputPaths = (
				"$(DERIVED_FILE_DIR)/Pods-ModularAppTests-checkManifestLockResult.txt",
			);
			runOnlyForDeploymentPostprocessing = 0;
			shellPath = /bin/sh;
			shellScript = "diff \"${PODS_PODFILE_DIR_PATH}/Podfile.lock\" \"${PODS_ROOT}/Manifest.lock\" > /dev/null\nif [ $? != 0 ] ; then\n    # print error to STDERR\n    echo \"error: The sandbox is not in sync with the Podfile.lock. Run 'pod install' or update your CocoaPods installation.\" >&2\n    exit 1\nfi\n# This output is used by Xcode 'outputs' to avoid re-running this script phase.\necho \"SUCCESS\" > \"${SCRIPT_OUTPUT_FILE_0}\"\n";
			showEnvVarsInLog = 0;
		};
		9387FB01A495D09D1400C234 /* [CP] Embed Pods Frameworks */ = {
			isa = PBXShellScriptBuildPhase;
			buildActionMask = 2147483647;
			files = (
			);
			inputFileListPaths = (
			);
			inputPaths = (
				"${SRCROOT}/Pods/Target Support Files/Pods-ModularAppTests/Pods-ModularAppTests-frameworks.sh",
				"${BUILT_PRODUCTS_DIR}/Nuke/Nuke.framework",
				"${BUILT_PRODUCTS_DIR}/RxCocoa/RxCocoa.framework",
				"${BUILT_PRODUCTS_DIR}/RxSwift/RxSwift.framework",
				"${BUILT_PRODUCTS_DIR}/SwiftyJSON/SwiftyJSON.framework",
				"${BUILT_PRODUCTS_DIR}/Nimble/Nimble.framework",
				"${BUILT_PRODUCTS_DIR}/OHHTTPStubs/OHHTTPStubs.framework",
				"${BUILT_PRODUCTS_DIR}/Quick/Quick.framework",
			);
			name = "[CP] Embed Pods Frameworks";
			outputFileListPaths = (
			);
			outputPaths = (
				"${TARGET_BUILD_DIR}/${FRAMEWORKS_FOLDER_PATH}/Nuke.framework",
				"${TARGET_BUILD_DIR}/${FRAMEWORKS_FOLDER_PATH}/RxCocoa.framework",
				"${TARGET_BUILD_DIR}/${FRAMEWORKS_FOLDER_PATH}/RxSwift.framework",
				"${TARGET_BUILD_DIR}/${FRAMEWORKS_FOLDER_PATH}/SwiftyJSON.framework",
				"${TARGET_BUILD_DIR}/${FRAMEWORKS_FOLDER_PATH}/Nimble.framework",
				"${TARGET_BUILD_DIR}/${FRAMEWORKS_FOLDER_PATH}/OHHTTPStubs.framework",
				"${TARGET_BUILD_DIR}/${FRAMEWORKS_FOLDER_PATH}/Quick.framework",
			);
			runOnlyForDeploymentPostprocessing = 0;
			shellPath = /bin/sh;
			shellScript = "\"${SRCROOT}/Pods/Target Support Files/Pods-ModularAppTests/Pods-ModularAppTests-frameworks.sh\"\n";
			showEnvVarsInLog = 0;
		};
		F6F0B752528956B070B5BB41 /* [CP] Embed Pods Frameworks */ = {
			isa = PBXShellScriptBuildPhase;
			buildActionMask = 2147483647;
			files = (
			);
			inputFileListPaths = (
			);
			inputPaths = (
				"${SRCROOT}/Pods/Target Support Files/Pods-ModularApp/Pods-ModularApp-frameworks.sh",
				"${BUILT_PRODUCTS_DIR}/Nuke/Nuke.framework",
				"${BUILT_PRODUCTS_DIR}/RxCocoa/RxCocoa.framework",
				"${BUILT_PRODUCTS_DIR}/RxSwift/RxSwift.framework",
				"${BUILT_PRODUCTS_DIR}/SwiftyJSON/SwiftyJSON.framework",
			);
			name = "[CP] Embed Pods Frameworks";
			outputFileListPaths = (
			);
			outputPaths = (
				"${TARGET_BUILD_DIR}/${FRAMEWORKS_FOLDER_PATH}/Nuke.framework",
				"${TARGET_BUILD_DIR}/${FRAMEWORKS_FOLDER_PATH}/RxCocoa.framework",
				"${TARGET_BUILD_DIR}/${FRAMEWORKS_FOLDER_PATH}/RxSwift.framework",
				"${TARGET_BUILD_DIR}/${FRAMEWORKS_FOLDER_PATH}/SwiftyJSON.framework",
			);
			runOnlyForDeploymentPostprocessing = 0;
			shellPath = /bin/sh;
			shellScript = "\"${SRCROOT}/Pods/Target Support Files/Pods-ModularApp/Pods-ModularApp-frameworks.sh\"\n";
			showEnvVarsInLog = 0;
		};
/* End PBXShellScriptBuildPhase section */

/* Begin PBXSourcesBuildPhase section */
		B63BF0C8215D553C00BB2554 /* Sources */ = {
			isa = PBXSourcesBuildPhase;
			buildActionMask = 2147483647;
			files = (
				B6AEA7CE215FAE0900E1EF83 /* AppRouter.swift in Sources */,
				B63BF0D0215D553C00BB2554 /* AppDelegate.swift in Sources */,
			);
			runOnlyForDeploymentPostprocessing = 0;
		};
		B63BF0DC215D553E00BB2554 /* Sources */ = {
			isa = PBXSourcesBuildPhase;
			buildActionMask = 2147483647;
			files = (
				B6AEA7E2215FC12100E1EF83 /* MatchesFashionAppRouterTests.swift in Sources */,
			);
			runOnlyForDeploymentPostprocessing = 0;
		};
/* End PBXSourcesBuildPhase section */

/* Begin PBXTargetDependency section */
		B63BF0E2215D553E00BB2554 /* PBXTargetDependency */ = {
			isa = PBXTargetDependency;
			target = B63BF0CB215D553C00BB2554 /* ModularApp */;
			targetProxy = B63BF0E1215D553E00BB2554 /* PBXContainerItemProxy */;
		};
/* End PBXTargetDependency section */

/* Begin PBXVariantGroup section */
		B63BF0D8215D553E00BB2554 /* LaunchScreen.storyboard */ = {
			isa = PBXVariantGroup;
			children = (
				B63BF0D9215D553E00BB2554 /* Base */,
			);
			name = LaunchScreen.storyboard;
			sourceTree = "<group>";
		};
/* End PBXVariantGroup section */

/* Begin XCBuildConfiguration section */
		B63BF0E7215D553E00BB2554 /* Debug */ = {
			isa = XCBuildConfiguration;
			buildSettings = {
				ALWAYS_EMBED_SWIFT_STANDARD_LIBRARIES = YES;
				ALWAYS_SEARCH_USER_PATHS = NO;
				CLANG_ANALYZER_NONNULL = YES;
				CLANG_ANALYZER_NUMBER_OBJECT_CONVERSION = YES_AGGRESSIVE;
				CLANG_CXX_LANGUAGE_STANDARD = "gnu++14";
				CLANG_CXX_LIBRARY = "libc++";
				CLANG_ENABLE_MODULES = YES;
				CLANG_ENABLE_OBJC_ARC = YES;
				CLANG_ENABLE_OBJC_WEAK = YES;
				CLANG_WARN_BLOCK_CAPTURE_AUTORELEASING = YES;
				CLANG_WARN_BOOL_CONVERSION = YES;
				CLANG_WARN_COMMA = YES;
				CLANG_WARN_CONSTANT_CONVERSION = YES;
				CLANG_WARN_DEPRECATED_OBJC_IMPLEMENTATIONS = YES;
				CLANG_WARN_DIRECT_OBJC_ISA_USAGE = YES_ERROR;
				CLANG_WARN_DOCUMENTATION_COMMENTS = YES;
				CLANG_WARN_EMPTY_BODY = YES;
				CLANG_WARN_ENUM_CONVERSION = YES;
				CLANG_WARN_INFINITE_RECURSION = YES;
				CLANG_WARN_INT_CONVERSION = YES;
				CLANG_WARN_NON_LITERAL_NULL_CONVERSION = YES;
				CLANG_WARN_OBJC_IMPLICIT_RETAIN_SELF = YES;
				CLANG_WARN_OBJC_LITERAL_CONVERSION = YES;
				CLANG_WARN_OBJC_ROOT_CLASS = YES_ERROR;
				CLANG_WARN_RANGE_LOOP_ANALYSIS = YES;
				CLANG_WARN_STRICT_PROTOTYPES = YES;
				CLANG_WARN_SUSPICIOUS_MOVE = YES;
				CLANG_WARN_UNGUARDED_AVAILABILITY = YES_AGGRESSIVE;
				CLANG_WARN_UNREACHABLE_CODE = YES;
				CLANG_WARN__DUPLICATE_METHOD_MATCH = YES;
				CODE_SIGN_IDENTITY = "iPhone Developer";
				COPY_PHASE_STRIP = NO;
				DEBUG_INFORMATION_FORMAT = dwarf;
				ENABLE_STRICT_OBJC_MSGSEND = YES;
				ENABLE_TESTABILITY = YES;
				GCC_C_LANGUAGE_STANDARD = gnu11;
				GCC_DYNAMIC_NO_PIC = NO;
				GCC_NO_COMMON_BLOCKS = YES;
				GCC_OPTIMIZATION_LEVEL = 0;
				GCC_PREPROCESSOR_DEFINITIONS = (
					"DEBUG=1",
					"$(inherited)",
				);
				GCC_WARN_64_TO_32_BIT_CONVERSION = YES;
				GCC_WARN_ABOUT_RETURN_TYPE = YES_ERROR;
				GCC_WARN_UNDECLARED_SELECTOR = YES;
				GCC_WARN_UNINITIALIZED_AUTOS = YES_AGGRESSIVE;
				GCC_WARN_UNUSED_FUNCTION = YES;
				GCC_WARN_UNUSED_VARIABLE = YES;
				IPHONEOS_DEPLOYMENT_TARGET = 12.0;
				MTL_ENABLE_DEBUG_INFO = INCLUDE_SOURCE;
				MTL_FAST_MATH = YES;
				ONLY_ACTIVE_ARCH = YES;
				SDKROOT = iphoneos;
				SWIFT_ACTIVE_COMPILATION_CONDITIONS = DEBUG;
				SWIFT_OPTIMIZATION_LEVEL = "-Onone";
			};
			name = Debug;
		};
		B63BF0E8215D553E00BB2554 /* Release */ = {
			isa = XCBuildConfiguration;
			buildSettings = {
				ALWAYS_EMBED_SWIFT_STANDARD_LIBRARIES = YES;
				ALWAYS_SEARCH_USER_PATHS = NO;
				CLANG_ANALYZER_NONNULL = YES;
				CLANG_ANALYZER_NUMBER_OBJECT_CONVERSION = YES_AGGRESSIVE;
				CLANG_CXX_LANGUAGE_STANDARD = "gnu++14";
				CLANG_CXX_LIBRARY = "libc++";
				CLANG_ENABLE_MODULES = YES;
				CLANG_ENABLE_OBJC_ARC = YES;
				CLANG_ENABLE_OBJC_WEAK = YES;
				CLANG_WARN_BLOCK_CAPTURE_AUTORELEASING = YES;
				CLANG_WARN_BOOL_CONVERSION = YES;
				CLANG_WARN_COMMA = YES;
				CLANG_WARN_CONSTANT_CONVERSION = YES;
				CLANG_WARN_DEPRECATED_OBJC_IMPLEMENTATIONS = YES;
				CLANG_WARN_DIRECT_OBJC_ISA_USAGE = YES_ERROR;
				CLANG_WARN_DOCUMENTATION_COMMENTS = YES;
				CLANG_WARN_EMPTY_BODY = YES;
				CLANG_WARN_ENUM_CONVERSION = YES;
				CLANG_WARN_INFINITE_RECURSION = YES;
				CLANG_WARN_INT_CONVERSION = YES;
				CLANG_WARN_NON_LITERAL_NULL_CONVERSION = YES;
				CLANG_WARN_OBJC_IMPLICIT_RETAIN_SELF = YES;
				CLANG_WARN_OBJC_LITERAL_CONVERSION = YES;
				CLANG_WARN_OBJC_ROOT_CLASS = YES_ERROR;
				CLANG_WARN_RANGE_LOOP_ANALYSIS = YES;
				CLANG_WARN_STRICT_PROTOTYPES = YES;
				CLANG_WARN_SUSPICIOUS_MOVE = YES;
				CLANG_WARN_UNGUARDED_AVAILABILITY = YES_AGGRESSIVE;
				CLANG_WARN_UNREACHABLE_CODE = YES;
				CLANG_WARN__DUPLICATE_METHOD_MATCH = YES;
				CODE_SIGN_IDENTITY = "iPhone Developer";
				COPY_PHASE_STRIP = NO;
				DEBUG_INFORMATION_FORMAT = "dwarf-with-dsym";
				ENABLE_NS_ASSERTIONS = NO;
				ENABLE_STRICT_OBJC_MSGSEND = YES;
				GCC_C_LANGUAGE_STANDARD = gnu11;
				GCC_NO_COMMON_BLOCKS = YES;
				GCC_WARN_64_TO_32_BIT_CONVERSION = YES;
				GCC_WARN_ABOUT_RETURN_TYPE = YES_ERROR;
				GCC_WARN_UNDECLARED_SELECTOR = YES;
				GCC_WARN_UNINITIALIZED_AUTOS = YES_AGGRESSIVE;
				GCC_WARN_UNUSED_FUNCTION = YES;
				GCC_WARN_UNUSED_VARIABLE = YES;
				IPHONEOS_DEPLOYMENT_TARGET = 12.0;
				MTL_ENABLE_DEBUG_INFO = NO;
				MTL_FAST_MATH = YES;
				SDKROOT = iphoneos;
				SWIFT_COMPILATION_MODE = wholemodule;
				SWIFT_OPTIMIZATION_LEVEL = "-O";
				VALIDATE_PRODUCT = YES;
			};
			name = Release;
		};
		B63BF0EA215D553E00BB2554 /* Debug */ = {
			isa = XCBuildConfiguration;
			baseConfigurationReference = 85731F7E5B60C81754FE61C4 /* Pods-ModularApp.debug.xcconfig */;
			buildSettings = {
				ALWAYS_EMBED_SWIFT_STANDARD_LIBRARIES = "$(inherited)";
				ASSETCATALOG_COMPILER_APPICON_NAME = AppIcon;
				CODE_SIGN_STYLE = Automatic;
				DEVELOPMENT_TEAM = BDD95TS3QC;
				INFOPLIST_FILE = "$(SRCROOT)/ModularApp/SupportFiles/Info.plist";
				IPHONEOS_DEPLOYMENT_TARGET = 10.0;
				LD_RUNPATH_SEARCH_PATHS = (
					"$(inherited)",
					"@executable_path/Frameworks",
				);
				PRODUCT_BUNDLE_IDENTIFIER = com.km.ios.modularapp;
				PRODUCT_NAME = "$(TARGET_NAME)";
				SWIFT_VERSION = 4.2;
				TARGETED_DEVICE_FAMILY = 1;
			};
			name = Debug;
		};
		B63BF0EB215D553E00BB2554 /* Release */ = {
			isa = XCBuildConfiguration;
			baseConfigurationReference = A80AD6DA81C937B8413E955A /* Pods-ModularApp.release.xcconfig */;
			buildSettings = {
				ALWAYS_EMBED_SWIFT_STANDARD_LIBRARIES = "$(inherited)";
				ASSETCATALOG_COMPILER_APPICON_NAME = AppIcon;
				CODE_SIGN_STYLE = Automatic;
				DEVELOPMENT_TEAM = BDD95TS3QC;
				INFOPLIST_FILE = "$(SRCROOT)/ModularApp/SupportFiles/Info.plist";
				IPHONEOS_DEPLOYMENT_TARGET = 10.0;
				LD_RUNPATH_SEARCH_PATHS = (
					"$(inherited)",
					"@executable_path/Frameworks",
				);
				PRODUCT_BUNDLE_IDENTIFIER = com.km.ios.modularapp;
				PRODUCT_NAME = "$(TARGET_NAME)";
				SWIFT_VERSION = 4.2;
				TARGETED_DEVICE_FAMILY = 1;
			};
			name = Release;
		};
		B63BF0ED215D553E00BB2554 /* Debug */ = {
			isa = XCBuildConfiguration;
			baseConfigurationReference = 2A724B9700B45B5A641833F4 /* Pods-ModularAppTests.debug.xcconfig */;
			buildSettings = {
				ALWAYS_EMBED_SWIFT_STANDARD_LIBRARIES = "$(inherited)";
				BUNDLE_LOADER = "$(TEST_HOST)";
				CODE_SIGN_STYLE = Automatic;
				DEVELOPMENT_TEAM = BDD95TS3QC;
				INFOPLIST_FILE = ModularAppTests/Info.plist;
				LD_RUNPATH_SEARCH_PATHS = (
					"$(inherited)",
					"@executable_path/Frameworks",
					"@loader_path/Frameworks",
				);
				PRODUCT_BUNDLE_IDENTIFIER = com.km.ios.ModularAppTests;
				PRODUCT_NAME = "$(TARGET_NAME)";
				SWIFT_VERSION = 4.2;
				TARGETED_DEVICE_FAMILY = "1,2";
				TEST_HOST = "$(BUILT_PRODUCTS_DIR)/ModularApp.app/ModularApp";
			};
			name = Debug;
		};
		B63BF0EE215D553E00BB2554 /* Release */ = {
			isa = XCBuildConfiguration;
			baseConfigurationReference = ED519FCEF0FFEBE13444B8C7 /* Pods-ModularAppTests.release.xcconfig */;
			buildSettings = {
				ALWAYS_EMBED_SWIFT_STANDARD_LIBRARIES = "$(inherited)";
				BUNDLE_LOADER = "$(TEST_HOST)";
				CODE_SIGN_STYLE = Automatic;
				DEVELOPMENT_TEAM = BDD95TS3QC;
				INFOPLIST_FILE = ModularAppTests/Info.plist;
				LD_RUNPATH_SEARCH_PATHS = (
					"$(inherited)",
					"@executable_path/Frameworks",
					"@loader_path/Frameworks",
				);
				PRODUCT_BUNDLE_IDENTIFIER = com.km.ios.ModularAppTests;
				PRODUCT_NAME = "$(TARGET_NAME)";
				SWIFT_VERSION = 4.2;
				TARGETED_DEVICE_FAMILY = "1,2";
				TEST_HOST = "$(BUILT_PRODUCTS_DIR)/ModularApp.app/ModularApp";
			};
			name = Release;
		};
/* End XCBuildConfiguration section */

/* Begin XCConfigurationList section */
		B63BF0C7215D553C00BB2554 /* Build configuration list for PBXProject "ModularApp" */ = {
			isa = XCConfigurationList;
			buildConfigurations = (
				B63BF0E7215D553E00BB2554 /* Debug */,
				B63BF0E8215D553E00BB2554 /* Release */,
			);
			defaultConfigurationIsVisible = 0;
			defaultConfigurationName = Release;
		};
		B63BF0E9215D553E00BB2554 /* Build configuration list for PBXNativeTarget "ModularApp" */ = {
			isa = XCConfigurationList;
			buildConfigurations = (
				B63BF0EA215D553E00BB2554 /* Debug */,
				B63BF0EB215D553E00BB2554 /* Release */,
			);
			defaultConfigurationIsVisible = 0;
			defaultConfigurationName = Release;
		};
		B63BF0EC215D553E00BB2554 /* Build configuration list for PBXNativeTarget "ModularAppTests" */ = {
			isa = XCConfigurationList;
			buildConfigurations = (
				B63BF0ED215D553E00BB2554 /* Debug */,
				B63BF0EE215D553E00BB2554 /* Release */,
			);
			defaultConfigurationIsVisible = 0;
			defaultConfigurationName = Release;
		};
/* End XCConfigurationList section */
	};
	rootObject = B63BF0C4215D553C00BB2554 /* Project object */;
}
